// !$*UTF8*$!
{
	archiveVersion = 1;
	classes = {
	};
	objectVersion = 56;
	objects = {

/* Begin PBXBuildFile section */
		8E00F9DD2B7936680094B8F6 /* StoragePickerView.swift in Sources */ = {isa = PBXBuildFile; fileRef = 8E00F9DC2B7936680094B8F6 /* StoragePickerView.swift */; };
		8E0D3FBB2B717E8600C89018 /* ScanPasses-iPhone-FixedHeight-3.mp4 in Resources */ = {isa = PBXBuildFile; fileRef = 8E0D3FB12B717E8600C89018 /* ScanPasses-iPhone-FixedHeight-3.mp4 */; };
		8E0D3FBC2B717E8600C89018 /* ScanPasses-iPhone-FixedHeight-unflippable-high.mp4 in Resources */ = {isa = PBXBuildFile; fileRef = 8E0D3FB22B717E8600C89018 /* ScanPasses-iPhone-FixedHeight-unflippable-high.mp4 */; };
		8E0D3FBD2B717E8600C89018 /* ScanPasses-iPad-FixedHeight-1.mp4 in Resources */ = {isa = PBXBuildFile; fileRef = 8E0D3FB32B717E8600C89018 /* ScanPasses-iPad-FixedHeight-1.mp4 */; };
		8E0D3FBE2B717E8600C89018 /* ScanPasses-iPad-FixedHeight-unflippable-high.mp4 in Resources */ = {isa = PBXBuildFile; fileRef = 8E0D3FB42B717E8600C89018 /* ScanPasses-iPad-FixedHeight-unflippable-high.mp4 */; };
		8E0D3FBF2B717E8600C89018 /* ScanPasses-iPad-FixedHeight-2.mp4 in Resources */ = {isa = PBXBuildFile; fileRef = 8E0D3FB52B717E8600C89018 /* ScanPasses-iPad-FixedHeight-2.mp4 */; };
		8E0D3FC02B717E8600C89018 /* ScanPasses-iPhone-FixedHeight-2.mp4 in Resources */ = {isa = PBXBuildFile; fileRef = 8E0D3FB62B717E8600C89018 /* ScanPasses-iPhone-FixedHeight-2.mp4 */; };
		8E0D3FC12B717E8600C89018 /* ScanPasses-iPhone-FixedHeight-1.mp4 in Resources */ = {isa = PBXBuildFile; fileRef = 8E0D3FB72B717E8600C89018 /* ScanPasses-iPhone-FixedHeight-1.mp4 */; };
		8E0D3FC22B717E8600C89018 /* ScanPasses-iPhone-FixedHeight-unflippable-low.mp4 in Resources */ = {isa = PBXBuildFile; fileRef = 8E0D3FB82B717E8600C89018 /* ScanPasses-iPhone-FixedHeight-unflippable-low.mp4 */; };
		8E0D3FC32B717E8600C89018 /* ScanPasses-iPad-FixedHeight-unflippable-low.mp4 in Resources */ = {isa = PBXBuildFile; fileRef = 8E0D3FB92B717E8600C89018 /* ScanPasses-iPad-FixedHeight-unflippable-low.mp4 */; };
		8E0D3FC42B717E8600C89018 /* ScanPasses-iPad-FixedHeight-3.mp4 in Resources */ = {isa = PBXBuildFile; fileRef = 8E0D3FBA2B717E8600C89018 /* ScanPasses-iPad-FixedHeight-3.mp4 */; };
		8E11CFC32B6449F3000E13B0 /* WaveShader.metal in Sources */ = {isa = PBXBuildFile; fileRef = 8E11CFC22B6449F3000E13B0 /* WaveShader.metal */; };
		8E22690A2B654EEA007F0C89 /* PatternDesignView.swift in Sources */ = {isa = PBXBuildFile; fileRef = 8E2269092B654EEA007F0C89 /* PatternDesignView.swift */; };
		8E22690D2B65529F007F0C89 /* PatternView.swift in Sources */ = {isa = PBXBuildFile; fileRef = 8E22690C2B65529F007F0C89 /* PatternView.swift */; };
		8E22690F2B655906007F0C89 /* AuroraView.swift in Sources */ = {isa = PBXBuildFile; fileRef = 8E22690E2B655905007F0C89 /* AuroraView.swift */; };
		8E2269112B657BEB007F0C89 /* AuroraStyles.swift in Sources */ = {isa = PBXBuildFile; fileRef = 8E2269102B657BEB007F0C89 /* AuroraStyles.swift */; };
		8E396E162B82881400508791 /* SpaceScanView.swift in Sources */ = {isa = PBXBuildFile; fileRef = 8E396E152B82881400508791 /* SpaceScanView.swift */; };
		8E396E1B2B8289CD00508791 /* RoomCaptureViewController.swift in Sources */ = {isa = PBXBuildFile; fileRef = 8E396E1A2B8289CD00508791 /* RoomCaptureViewController.swift */; };
		8E396E1D2B828A9D00508791 /* SpaceScanViewModel.swift in Sources */ = {isa = PBXBuildFile; fileRef = 8E396E1C2B828A9D00508791 /* SpaceScanViewModel.swift */; };
		8E396E1F2B828C8E00508791 /* CapturedRoom+Equatable.swift in Sources */ = {isa = PBXBuildFile; fileRef = 8E396E1E2B828C8E00508791 /* CapturedRoom+Equatable.swift */; };
		8E396E212B828DDE00508791 /* CapturedRoom.Object+Equatable.swift in Sources */ = {isa = PBXBuildFile; fileRef = 8E396E202B828DDE00508791 /* CapturedRoom.Object+Equatable.swift */; };
		8E396E232B8295E200508791 /* RoomCaptureViewController+RoomCaptureSessionDelegate.swift in Sources */ = {isa = PBXBuildFile; fileRef = 8E396E222B8295E200508791 /* RoomCaptureViewController+RoomCaptureSessionDelegate.swift */; };
		8E396E252B82966500508791 /* RoomCaptureRepresentableView.swift in Sources */ = {isa = PBXBuildFile; fileRef = 8E396E242B82966500508791 /* RoomCaptureRepresentableView.swift */; };
		8E486C172B729361005F0C4A /* README.md in Resources */ = {isa = PBXBuildFile; fileRef = 8E486C162B729361005F0C4A /* README.md */; };
		8E486C1E2B72B9F4005F0C4A /* ShapedLabelStyle.swift in Sources */ = {isa = PBXBuildFile; fileRef = 8E486C1D2B72B9F4005F0C4A /* ShapedLabelStyle.swift */; };
		8E4BDAF12B7D2F51003471B2 /* ListButtonStyle.swift in Sources */ = {isa = PBXBuildFile; fileRef = 8E4BDAF02B7D2F51003471B2 /* ListButtonStyle.swift */; };
		8E53A3F12B77E86200A92BDB /* CircularIconSelectionView.swift in Sources */ = {isa = PBXBuildFile; fileRef = 8E53A3F02B77E86200A92BDB /* CircularIconSelectionView.swift */; };
		8E53A3F32B77F6E900A92BDB /* CircularEmojiSelectionView.swift in Sources */ = {isa = PBXBuildFile; fileRef = 8E53A3F22B77F6E900A92BDB /* CircularEmojiSelectionView.swift */; };
		8E53A3F52B77FC9A00A92BDB /* PatternSelectionView.swift in Sources */ = {isa = PBXBuildFile; fileRef = 8E53A3F42B77FC9A00A92BDB /* PatternSelectionView.swift */; };
		8E5528322B5D823300EEBCCB /* InformationLabelView.swift in Sources */ = {isa = PBXBuildFile; fileRef = 8E5528312B5D823300EEBCCB /* InformationLabelView.swift */; };
		8E5528522B5D925B00EEBCCB /* SideBarView.swift in Sources */ = {isa = PBXBuildFile; fileRef = 8E5528512B5D925B00EEBCCB /* SideBarView.swift */; };
		8E5528542B5D9A1A00EEBCCB /* MetaInfoView.swift in Sources */ = {isa = PBXBuildFile; fileRef = 8E5528532B5D9A1A00EEBCCB /* MetaInfoView.swift */; };
		8E5528582B5D9AB900EEBCCB /* MetaPrimitiveView.swift in Sources */ = {isa = PBXBuildFile; fileRef = 8E5528572B5D9AB900EEBCCB /* MetaPrimitiveView.swift */; };
		8E55285A2B5DA3CF00EEBCCB /* ItemCaptureView.swift in Sources */ = {isa = PBXBuildFile; fileRef = 8E5528592B5DA3CF00EEBCCB /* ItemCaptureView.swift */; };
		8E6CD0842B7757F200BF1A18 /* IconNameCardView.swift in Sources */ = {isa = PBXBuildFile; fileRef = 8E6CD0832B7757F200BF1A18 /* IconNameCardView.swift */; };
		8E6CD0862B7764D800BF1A18 /* Color+systemBackground.swift in Sources */ = {isa = PBXBuildFile; fileRef = 8E6CD0852B7764D800BF1A18 /* Color+systemBackground.swift */; };
		8E6CD0882B77946100BF1A18 /* ColorSelectionGridView.swift in Sources */ = {isa = PBXBuildFile; fileRef = 8E6CD0872B77946100BF1A18 /* ColorSelectionGridView.swift */; };
		8E7357A82B72842900F779B2 /* ItemAddFormView+Design.swift in Sources */ = {isa = PBXBuildFile; fileRef = 8E7357A72B72842900F779B2 /* ItemAddFormView+Design.swift */; };
		8E7FAC2D2B87B53E004FE8F0 /* StorageListView.swift in Sources */ = {isa = PBXBuildFile; fileRef = 8E7FAC2C2B87B53E004FE8F0 /* StorageListView.swift */; };
		8E84525A2B663D84005CA22D /* PatternDesign.swift in Sources */ = {isa = PBXBuildFile; fileRef = 8E8452592B663D84005CA22D /* PatternDesign.swift */; };
		8E84525C2B664A85005CA22D /* Collection+randomElement.swift in Sources */ = {isa = PBXBuildFile; fileRef = 8E84525B2B664A85005CA22D /* Collection+randomElement.swift */; };
		8E84525F2B669047005CA22D /* OpacityStyle.swift in Sources */ = {isa = PBXBuildFile; fileRef = 8E84525E2B669047005CA22D /* OpacityStyle.swift */; };
		8E8452612B66906B005CA22D /* GradientEffect.swift in Sources */ = {isa = PBXBuildFile; fileRef = 8E8452602B66906B005CA22D /* GradientEffect.swift */; };
		8E8452632B6690A2005CA22D /* GetRandomDesign.swift in Sources */ = {isa = PBXBuildFile; fileRef = 8E8452622B6690A2005CA22D /* GetRandomDesign.swift */; };
		8E88ACFE2B5C4CE5003BDB04 /* OrganizeApp.swift in Sources */ = {isa = PBXBuildFile; fileRef = 8E88ACFD2B5C4CE5003BDB04 /* OrganizeApp.swift */; };
		8E88AD002B5C4CE5003BDB04 /* ContentView.swift in Sources */ = {isa = PBXBuildFile; fileRef = 8E88ACFF2B5C4CE5003BDB04 /* ContentView.swift */; };
		8E88AD022B5C4CE5003BDB04 /* Space.swift in Sources */ = {isa = PBXBuildFile; fileRef = 8E88AD012B5C4CE5003BDB04 /* Space.swift */; };
		8E88AD042B5C4CE7003BDB04 /* Assets.xcassets in Resources */ = {isa = PBXBuildFile; fileRef = 8E88AD032B5C4CE7003BDB04 /* Assets.xcassets */; };
		8E88AD072B5C4CE7003BDB04 /* Preview Assets.xcassets in Resources */ = {isa = PBXBuildFile; fileRef = 8E88AD062B5C4CE7003BDB04 /* Preview Assets.xcassets */; };
		8E88AD0F2B5C5C41003BDB04 /* Item.swift in Sources */ = {isa = PBXBuildFile; fileRef = 8E88AD0E2B5C5C41003BDB04 /* Item.swift */; };
		8E88AD112B5C5CEA003BDB04 /* Storage.swift in Sources */ = {isa = PBXBuildFile; fileRef = 8E88AD102B5C5CEA003BDB04 /* Storage.swift */; };
		8E88AD132B5C6447003BDB04 /* SpaceView.swift in Sources */ = {isa = PBXBuildFile; fileRef = 8E88AD122B5C6447003BDB04 /* SpaceView.swift */; };
		8E88AD152B5D7395003BDB04 /* StorageView.swift in Sources */ = {isa = PBXBuildFile; fileRef = 8E88AD142B5D7395003BDB04 /* StorageView.swift */; };
		8E8D092B2B6412B000AB088B /* Pattern.metal in Sources */ = {isa = PBXBuildFile; fileRef = 8E8D092A2B6412B000AB088B /* Pattern.metal */; };
		8E8D092E2B64162800AB088B /* Pattern.swift in Sources */ = {isa = PBXBuildFile; fileRef = 8E8D092D2B64162800AB088B /* Pattern.swift */; };
		8E8FC6C92B77BC6D0038E9B0 /* CircularColorSelectionView.swift in Sources */ = {isa = PBXBuildFile; fileRef = 8E8FC6C82B77BC6D0038E9B0 /* CircularColorSelectionView.swift */; };
		8E91F4052B75483100127170 /* PatternCardView.swift in Sources */ = {isa = PBXBuildFile; fileRef = 8E91F4042B75483100127170 /* PatternCardView.swift */; };
		8E97DEB72B77D1800007A9BA /* Float+isApproximateEqual.swift in Sources */ = {isa = PBXBuildFile; fileRef = 8E97DEB62B77D1800007A9BA /* Float+isApproximateEqual.swift */; };
		8E97DEBB2B77DFD60007A9BA /* IconSelectionGridView.swift in Sources */ = {isa = PBXBuildFile; fileRef = 8E97DEBA2B77DFD60007A9BA /* IconSelectionGridView.swift */; };
		8E9D350B2B6E2EE500154078 /* CaptureFolderManager.swift in Sources */ = {isa = PBXBuildFile; fileRef = 8E9D350A2B6E2EE500154078 /* CaptureFolderManager.swift */; };
		8E9D350D2B6E2F3E00154078 /* ShotFileInfo.swift in Sources */ = {isa = PBXBuildFile; fileRef = 8E9D350C2B6E2F3E00154078 /* ShotFileInfo.swift */; };
		8E9D350F2B6E2FDD00154078 /* FeedbackMessages.swift in Sources */ = {isa = PBXBuildFile; fileRef = 8E9D350E2B6E2FDD00154078 /* FeedbackMessages.swift */; };
		8E9D35132B6E312100154078 /* ObjectCaptureDataModel.swift in Sources */ = {isa = PBXBuildFile; fileRef = 8E9D35122B6E312100154078 /* ObjectCaptureDataModel.swift */; };
		8E9D35152B6E31FC00154078 /* ObjectCaptureDataModel+State.swift in Sources */ = {isa = PBXBuildFile; fileRef = 8E9D35142B6E31FC00154078 /* ObjectCaptureDataModel+State.swift */; };
		8E9D35172B6E324300154078 /* ObjectCaptureDataModel+Orbit.swift in Sources */ = {isa = PBXBuildFile; fileRef = 8E9D35162B6E324300154078 /* ObjectCaptureDataModel+Orbit.swift */; };
		8E9D35192B6E337300154078 /* TimedMessageList.swift in Sources */ = {isa = PBXBuildFile; fileRef = 8E9D35182B6E337300154078 /* TimedMessageList.swift */; };
		8E9D351B2B6E344100154078 /* CaptureOnBoardingStateMachine.swift in Sources */ = {isa = PBXBuildFile; fileRef = 8E9D351A2B6E344100154078 /* CaptureOnBoardingStateMachine.swift */; };
		8E9D351D2B6E38AE00154078 /* ModelDirectory.swift in Sources */ = {isa = PBXBuildFile; fileRef = 8E9D351C2B6E38AE00154078 /* ModelDirectory.swift */; };
		8E9D35222B6E431700154078 /* URL+isDirectory.swift in Sources */ = {isa = PBXBuildFile; fileRef = 8E9D35212B6E431700154078 /* URL+isDirectory.swift */; };
		8E9D35252B6E6D5800154078 /* CapturedObject.swift in Sources */ = {isa = PBXBuildFile; fileRef = 8E9D35242B6E6D5800154078 /* CapturedObject.swift */; };
		8E9D35272B6ECD6000154078 /* OrganizationView.swift in Sources */ = {isa = PBXBuildFile; fileRef = 8E9D35262B6ECD6000154078 /* OrganizationView.swift */; };
		8E9D35292B6ED4D000154078 /* CaptureViewModel.swift in Sources */ = {isa = PBXBuildFile; fileRef = 8E9D35282B6ED4D000154078 /* CaptureViewModel.swift */; };
		8E9D352C2B6EDCBC00154078 /* ReconstructionPrimaryView.swift in Sources */ = {isa = PBXBuildFile; fileRef = 8E9D352B2B6EDCBC00154078 /* ReconstructionPrimaryView.swift */; };
		8E9D352E2B6EDDF300154078 /* UntilPhotogrammetryProcessingCompleteFilter.swift in Sources */ = {isa = PBXBuildFile; fileRef = 8E9D352D2B6EDDF300154078 /* UntilPhotogrammetryProcessingCompleteFilter.swift */; };
		8E9D35302B6EDF1500154078 /* CapturedObjectARQuickLookView.swift in Sources */ = {isa = PBXBuildFile; fileRef = 8E9D352F2B6EDF1500154078 /* CapturedObjectARQuickLookView.swift */; };
		8E9D35332B6EDF9A00154078 /* CapturedObjectARQuickLookRepresentable.swift in Sources */ = {isa = PBXBuildFile; fileRef = 8E9D35322B6EDF9A00154078 /* CapturedObjectARQuickLookRepresentable.swift */; };
		8E9D35352B6EE12700154078 /* QuickLookViewController.swift in Sources */ = {isa = PBXBuildFile; fileRef = 8E9D35342B6EE12700154078 /* QuickLookViewController.swift */; };
		8E9D35372B6EE22900154078 /* ProcessingStage+String.swift in Sources */ = {isa = PBXBuildFile; fileRef = 8E9D35362B6EE22900154078 /* ProcessingStage+String.swift */; };
		8E9D35392B6EE2BC00154078 /* TitleView.swift in Sources */ = {isa = PBXBuildFile; fileRef = 8E9D35382B6EE2BC00154078 /* TitleView.swift */; };
		8E9D353B2B6EE52000154078 /* ProgressView.swift in Sources */ = {isa = PBXBuildFile; fileRef = 8E9D353A2B6EE52000154078 /* ProgressView.swift */; };
		8E9D353E2B6FB5A000154078 /* CircularProgressView.swift in Sources */ = {isa = PBXBuildFile; fileRef = 8E9D353D2B6FB5A000154078 /* CircularProgressView.swift */; };
		8E9D35412B6FB64400154078 /* CubicObjectCaptureView.swift in Sources */ = {isa = PBXBuildFile; fileRef = 8E9D35402B6FB64400154078 /* CubicObjectCaptureView.swift */; };
		8E9D35432B6FB72300154078 /* CaptureOverlayView.swift in Sources */ = {isa = PBXBuildFile; fileRef = 8E9D35422B6FB72300154078 /* CaptureOverlayView.swift */; };
		8E9D35452B6FB7B100154078 /* CaptureOverlayView+Buttons.swift in Sources */ = {isa = PBXBuildFile; fileRef = 8E9D35442B6FB7B100154078 /* CaptureOverlayView+Buttons.swift */; };
		8E9D35482B6FB82F00154078 /* CaptureOverlayView+LocalizedString.swift in Sources */ = {isa = PBXBuildFile; fileRef = 8E9D35472B6FB82F00154078 /* CaptureOverlayView+LocalizedString.swift */; };
		8E9D354B2B6FBB7E00154078 /* HelpPageView.swift in Sources */ = {isa = PBXBuildFile; fileRef = 8E9D354A2B6FBB7E00154078 /* HelpPageView.swift */; };
		8E9D354E2B6FBC3A00154078 /* ObjectCaptureOnboardingView.swift in Sources */ = {isa = PBXBuildFile; fileRef = 8E9D354D2B6FBC3A00154078 /* ObjectCaptureOnboardingView.swift */; };
		8E9D35502B6FBCF100154078 /* OnboardingTutorialView.swift in Sources */ = {isa = PBXBuildFile; fileRef = 8E9D354F2B6FBCF100154078 /* OnboardingTutorialView.swift */; };
		8E9D35522B6FBDA200154078 /* OnboardingTutorialView+LocalizedString.swift in Sources */ = {isa = PBXBuildFile; fileRef = 8E9D35512B6FBDA200154078 /* OnboardingTutorialView+LocalizedString.swift */; };
		8E9D35542B6FBE2200154078 /* TutorialVideoView.swift in Sources */ = {isa = PBXBuildFile; fileRef = 8E9D35532B6FBE2200154078 /* TutorialVideoView.swift */; };
		8E9D35562B6FBE6A00154078 /* PlayerView.swift in Sources */ = {isa = PBXBuildFile; fileRef = 8E9D35552B6FBE6A00154078 /* PlayerView.swift */; };
		8E9D35582B6FBF2600154078 /* OnboardingButtonView.swift in Sources */ = {isa = PBXBuildFile; fileRef = 8E9D35572B6FBF2600154078 /* OnboardingButtonView.swift */; };
		8E9D355A2B6FBFB300154078 /* OnboardingButtonView+LocailizedString.swift in Sources */ = {isa = PBXBuildFile; fileRef = 8E9D35592B6FBFB300154078 /* OnboardingButtonView+LocailizedString.swift */; };
		8E9D355C2B6FC04F00154078 /* FeedbackView.swift in Sources */ = {isa = PBXBuildFile; fileRef = 8E9D355B2B6FC04F00154078 /* FeedbackView.swift */; };
		8E9D355E2B6FE0A800154078 /* String+inText.swift in Sources */ = {isa = PBXBuildFile; fileRef = 8E9D355D2B6FE0A800154078 /* String+inText.swift */; };
		8EA525312B76BDE40085C9B0 /* SymbolView.swift in Sources */ = {isa = PBXBuildFile; fileRef = 8EA525302B76BDE40085C9B0 /* SymbolView.swift */; };
		8EB7EDEE2B66A3130049E709 /* ColorHelper.swift in Sources */ = {isa = PBXBuildFile; fileRef = 8EB7EDED2B66A3130049E709 /* ColorHelper.swift */; };
		8EB7EDF22B66D3130049E709 /* ColorComponents.swift in Sources */ = {isa = PBXBuildFile; fileRef = 8EB7EDF12B66D3130049E709 /* ColorComponents.swift */; };
		8ECBDC412B605BDF00CCF70F /* Meta.swift in Sources */ = {isa = PBXBuildFile; fileRef = 8ECBDC402B605BDF00CCF70F /* Meta.swift */; };
		8ED065042B8549B500B1224F /* ActivityViewControllerRepresentable.swift in Sources */ = {isa = PBXBuildFile; fileRef = 8ED065032B8549B500B1224F /* ActivityViewControllerRepresentable.swift */; };
		8ED1EB742B68031E003377CA /* Curtain.metal in Sources */ = {isa = PBXBuildFile; fileRef = 8ED1EB732B68031E003377CA /* Curtain.metal */; };
		8ED1EB762B680385003377CA /* CurtainStack.swift in Sources */ = {isa = PBXBuildFile; fileRef = 8ED1EB752B680385003377CA /* CurtainStack.swift */; };
		8ED1EB782B68040C003377CA /* Shader+float2.swift in Sources */ = {isa = PBXBuildFile; fileRef = 8ED1EB772B68040C003377CA /* Shader+float2.swift */; };
		8ED1EB7C2B680F95003377CA /* Clamp.swift in Sources */ = {isa = PBXBuildFile; fileRef = 8ED1EB7B2B680F95003377CA /* Clamp.swift */; };
		8ED1EB7E2B681028003377CA /* CurtainEffect.swift in Sources */ = {isa = PBXBuildFile; fileRef = 8ED1EB7D2B681028003377CA /* CurtainEffect.swift */; };
		8ED48FC02B5DACF900EB643A /* AppViewModel.swift in Sources */ = {isa = PBXBuildFile; fileRef = 8ED48FBF2B5DACF900EB643A /* AppViewModel.swift */; };
		8ED48FC22B601A7000EB643A /* ContentColumnView.swift in Sources */ = {isa = PBXBuildFile; fileRef = 8ED48FC12B601A7000EB643A /* ContentColumnView.swift */; };
		8ED48FC42B6028CA00EB643A /* View+If.swift in Sources */ = {isa = PBXBuildFile; fileRef = 8ED48FC32B6028CA00EB643A /* View+If.swift */; };
		8ED48FC72B602FB900EB643A /* View+AdaptiveNavigationTitle.swift in Sources */ = {isa = PBXBuildFile; fileRef = 8ED48FC62B602FB900EB643A /* View+AdaptiveNavigationTitle.swift */; };
		8ED633712B7FA80A000113E2 /* ItemView.swift in Sources */ = {isa = PBXBuildFile; fileRef = 8ED633702B7FA80A000113E2 /* ItemView.swift */; };
		8ED633742B7FADC3000113E2 /* SingleItemDetailView.swift in Sources */ = {isa = PBXBuildFile; fileRef = 8ED633732B7FADC3000113E2 /* SingleItemDetailView.swift */; };
		8ED633782B7FD6EA000113E2 /* MetaGridView.swift in Sources */ = {isa = PBXBuildFile; fileRef = 8ED633772B7FD6EA000113E2 /* MetaGridView.swift */; };
		8EDB6FA72B867D8A000E6858 /* CapturedRoom.Object.Category+getName.swift in Sources */ = {isa = PBXBuildFile; fileRef = 8EDB6FA62B867D8A000E6858 /* CapturedRoom.Object.Category+getName.swift */; };
		8EDDFEB32B74B0E50009A290 /* BetterCardPatternView+Design.swift in Sources */ = {isa = PBXBuildFile; fileRef = 8EDDFEB22B74B0E50009A290 /* BetterCardPatternView+Design.swift */; };
		8EDDFEB52B74C2F90009A290 /* SymbolView+Design.swift in Sources */ = {isa = PBXBuildFile; fileRef = 8EDDFEB42B74C2F90009A290 /* SymbolView+Design.swift */; };
		8EDDFEB72B74C6000009A290 /* Character+emoji.swift in Sources */ = {isa = PBXBuildFile; fileRef = 8EDDFEB62B74C6000009A290 /* Character+emoji.swift */; };
		8EDDFEBA2B74C6980009A290 /* String+emoji.swift in Sources */ = {isa = PBXBuildFile; fileRef = 8EDDFEB92B74C6980009A290 /* String+emoji.swift */; };
		8EDDFEBB2B74C8FA0009A290 /* ShapeLabelStyle+Design.swift in Sources */ = {isa = PBXBuildFile; fileRef = 8E486C192B72AEA5005F0C4A /* ShapeLabelStyle+Design.swift */; };
		8EDDFEBC2B74C8FA0009A290 /* ShapeIconView+Design.swift in Sources */ = {isa = PBXBuildFile; fileRef = 8E486C1B2B72B6E1005F0C4A /* ShapeIconView+Design.swift */; };
		8EE9639E2B6983F8002AA850 /* SingleStorageDetailView.swift in Sources */ = {isa = PBXBuildFile; fileRef = 8EE9639D2B6983F8002AA850 /* SingleStorageDetailView.swift */; };
		8EEE7B052B83E3EE00B7AE70 /* FormEditView.swift in Sources */ = {isa = PBXBuildFile; fileRef = 8EEE7B042B83E3EE00B7AE70 /* FormEditView.swift */; };
		8EF034442B61A8F100A15340 /* DetailsView.swift in Sources */ = {isa = PBXBuildFile; fileRef = 8EF034432B61A8F100A15340 /* DetailsView.swift */; };
/* End PBXBuildFile section */

/* Begin PBXFileReference section */
		8E00F9DC2B7936680094B8F6 /* StoragePickerView.swift */ = {isa = PBXFileReference; lastKnownFileType = sourcecode.swift; path = StoragePickerView.swift; sourceTree = "<group>"; };
		8E0D3FB12B717E8600C89018 /* ScanPasses-iPhone-FixedHeight-3.mp4 */ = {isa = PBXFileReference; lastKnownFileType = file; path = "ScanPasses-iPhone-FixedHeight-3.mp4"; sourceTree = "<group>"; };
		8E0D3FB22B717E8600C89018 /* ScanPasses-iPhone-FixedHeight-unflippable-high.mp4 */ = {isa = PBXFileReference; lastKnownFileType = file; path = "ScanPasses-iPhone-FixedHeight-unflippable-high.mp4"; sourceTree = "<group>"; };
		8E0D3FB32B717E8600C89018 /* ScanPasses-iPad-FixedHeight-1.mp4 */ = {isa = PBXFileReference; lastKnownFileType = file; path = "ScanPasses-iPad-FixedHeight-1.mp4"; sourceTree = "<group>"; };
		8E0D3FB42B717E8600C89018 /* ScanPasses-iPad-FixedHeight-unflippable-high.mp4 */ = {isa = PBXFileReference; lastKnownFileType = file; path = "ScanPasses-iPad-FixedHeight-unflippable-high.mp4"; sourceTree = "<group>"; };
		8E0D3FB52B717E8600C89018 /* ScanPasses-iPad-FixedHeight-2.mp4 */ = {isa = PBXFileReference; lastKnownFileType = file; path = "ScanPasses-iPad-FixedHeight-2.mp4"; sourceTree = "<group>"; };
		8E0D3FB62B717E8600C89018 /* ScanPasses-iPhone-FixedHeight-2.mp4 */ = {isa = PBXFileReference; lastKnownFileType = file; path = "ScanPasses-iPhone-FixedHeight-2.mp4"; sourceTree = "<group>"; };
		8E0D3FB72B717E8600C89018 /* ScanPasses-iPhone-FixedHeight-1.mp4 */ = {isa = PBXFileReference; lastKnownFileType = file; path = "ScanPasses-iPhone-FixedHeight-1.mp4"; sourceTree = "<group>"; };
		8E0D3FB82B717E8600C89018 /* ScanPasses-iPhone-FixedHeight-unflippable-low.mp4 */ = {isa = PBXFileReference; lastKnownFileType = file; path = "ScanPasses-iPhone-FixedHeight-unflippable-low.mp4"; sourceTree = "<group>"; };
		8E0D3FB92B717E8600C89018 /* ScanPasses-iPad-FixedHeight-unflippable-low.mp4 */ = {isa = PBXFileReference; lastKnownFileType = file; path = "ScanPasses-iPad-FixedHeight-unflippable-low.mp4"; sourceTree = "<group>"; };
		8E0D3FBA2B717E8600C89018 /* ScanPasses-iPad-FixedHeight-3.mp4 */ = {isa = PBXFileReference; lastKnownFileType = file; path = "ScanPasses-iPad-FixedHeight-3.mp4"; sourceTree = "<group>"; };
		8E11CFC22B6449F3000E13B0 /* WaveShader.metal */ = {isa = PBXFileReference; lastKnownFileType = sourcecode.metal; path = WaveShader.metal; sourceTree = "<group>"; };
		8E2269092B654EEA007F0C89 /* PatternDesignView.swift */ = {isa = PBXFileReference; lastKnownFileType = sourcecode.swift; path = PatternDesignView.swift; sourceTree = "<group>"; };
		8E22690C2B65529F007F0C89 /* PatternView.swift */ = {isa = PBXFileReference; lastKnownFileType = sourcecode.swift; path = PatternView.swift; sourceTree = "<group>"; };
		8E22690E2B655905007F0C89 /* AuroraView.swift */ = {isa = PBXFileReference; lastKnownFileType = sourcecode.swift; path = AuroraView.swift; sourceTree = "<group>"; };
		8E2269102B657BEB007F0C89 /* AuroraStyles.swift */ = {isa = PBXFileReference; lastKnownFileType = sourcecode.swift; path = AuroraStyles.swift; sourceTree = "<group>"; };
		8E396E152B82881400508791 /* SpaceScanView.swift */ = {isa = PBXFileReference; lastKnownFileType = sourcecode.swift; path = SpaceScanView.swift; sourceTree = "<group>"; };
		8E396E1A2B8289CD00508791 /* RoomCaptureViewController.swift */ = {isa = PBXFileReference; lastKnownFileType = sourcecode.swift; path = RoomCaptureViewController.swift; sourceTree = "<group>"; };
		8E396E1C2B828A9D00508791 /* SpaceScanViewModel.swift */ = {isa = PBXFileReference; lastKnownFileType = sourcecode.swift; path = SpaceScanViewModel.swift; sourceTree = "<group>"; };
		8E396E1E2B828C8E00508791 /* CapturedRoom+Equatable.swift */ = {isa = PBXFileReference; lastKnownFileType = sourcecode.swift; path = "CapturedRoom+Equatable.swift"; sourceTree = "<group>"; };
		8E396E202B828DDE00508791 /* CapturedRoom.Object+Equatable.swift */ = {isa = PBXFileReference; lastKnownFileType = sourcecode.swift; path = "CapturedRoom.Object+Equatable.swift"; sourceTree = "<group>"; };
		8E396E222B8295E200508791 /* RoomCaptureViewController+RoomCaptureSessionDelegate.swift */ = {isa = PBXFileReference; lastKnownFileType = sourcecode.swift; path = "RoomCaptureViewController+RoomCaptureSessionDelegate.swift"; sourceTree = "<group>"; };
		8E396E242B82966500508791 /* RoomCaptureRepresentableView.swift */ = {isa = PBXFileReference; lastKnownFileType = sourcecode.swift; path = RoomCaptureRepresentableView.swift; sourceTree = "<group>"; };
		8E486C162B729361005F0C4A /* README.md */ = {isa = PBXFileReference; lastKnownFileType = net.daringfireball.markdown; path = README.md; sourceTree = "<group>"; };
		8E486C192B72AEA5005F0C4A /* ShapeLabelStyle+Design.swift */ = {isa = PBXFileReference; lastKnownFileType = sourcecode.swift; path = "ShapeLabelStyle+Design.swift"; sourceTree = "<group>"; };
		8E486C1B2B72B6E1005F0C4A /* ShapeIconView+Design.swift */ = {isa = PBXFileReference; lastKnownFileType = sourcecode.swift; path = "ShapeIconView+Design.swift"; sourceTree = "<group>"; };
		8E486C1D2B72B9F4005F0C4A /* ShapedLabelStyle.swift */ = {isa = PBXFileReference; lastKnownFileType = sourcecode.swift; path = ShapedLabelStyle.swift; sourceTree = "<group>"; };
		8E4BDAF02B7D2F51003471B2 /* ListButtonStyle.swift */ = {isa = PBXFileReference; lastKnownFileType = sourcecode.swift; path = ListButtonStyle.swift; sourceTree = "<group>"; };
		8E53A3F02B77E86200A92BDB /* CircularIconSelectionView.swift */ = {isa = PBXFileReference; lastKnownFileType = sourcecode.swift; path = CircularIconSelectionView.swift; sourceTree = "<group>"; };
		8E53A3F22B77F6E900A92BDB /* CircularEmojiSelectionView.swift */ = {isa = PBXFileReference; lastKnownFileType = sourcecode.swift; path = CircularEmojiSelectionView.swift; sourceTree = "<group>"; };
		8E53A3F42B77FC9A00A92BDB /* PatternSelectionView.swift */ = {isa = PBXFileReference; lastKnownFileType = sourcecode.swift; path = PatternSelectionView.swift; sourceTree = "<group>"; };
		8E5528312B5D823300EEBCCB /* InformationLabelView.swift */ = {isa = PBXFileReference; lastKnownFileType = sourcecode.swift; path = InformationLabelView.swift; sourceTree = "<group>"; };
		8E5528512B5D925B00EEBCCB /* SideBarView.swift */ = {isa = PBXFileReference; lastKnownFileType = sourcecode.swift; path = SideBarView.swift; sourceTree = "<group>"; };
		8E5528532B5D9A1A00EEBCCB /* MetaInfoView.swift */ = {isa = PBXFileReference; lastKnownFileType = sourcecode.swift; path = MetaInfoView.swift; sourceTree = "<group>"; };
		8E5528572B5D9AB900EEBCCB /* MetaPrimitiveView.swift */ = {isa = PBXFileReference; lastKnownFileType = sourcecode.swift; path = MetaPrimitiveView.swift; sourceTree = "<group>"; };
		8E5528592B5DA3CF00EEBCCB /* ItemCaptureView.swift */ = {isa = PBXFileReference; lastKnownFileType = sourcecode.swift; path = ItemCaptureView.swift; sourceTree = "<group>"; };
		8E6CD0832B7757F200BF1A18 /* IconNameCardView.swift */ = {isa = PBXFileReference; lastKnownFileType = sourcecode.swift; path = IconNameCardView.swift; sourceTree = "<group>"; };
		8E6CD0852B7764D800BF1A18 /* Color+systemBackground.swift */ = {isa = PBXFileReference; lastKnownFileType = sourcecode.swift; path = "Color+systemBackground.swift"; sourceTree = "<group>"; };
		8E6CD0872B77946100BF1A18 /* ColorSelectionGridView.swift */ = {isa = PBXFileReference; lastKnownFileType = sourcecode.swift; path = ColorSelectionGridView.swift; sourceTree = "<group>"; };
		8E7357A72B72842900F779B2 /* ItemAddFormView+Design.swift */ = {isa = PBXFileReference; lastKnownFileType = sourcecode.swift; path = "ItemAddFormView+Design.swift"; sourceTree = "<group>"; };
		8E7FAC2B2B87AB7E004FE8F0 /* Info.plist */ = {isa = PBXFileReference; lastKnownFileType = text.plist; path = Info.plist; sourceTree = "<group>"; };
		8E7FAC2C2B87B53E004FE8F0 /* StorageListView.swift */ = {isa = PBXFileReference; lastKnownFileType = sourcecode.swift; path = StorageListView.swift; sourceTree = "<group>"; };
		8E8452592B663D84005CA22D /* PatternDesign.swift */ = {isa = PBXFileReference; lastKnownFileType = sourcecode.swift; path = PatternDesign.swift; sourceTree = "<group>"; };
		8E84525B2B664A85005CA22D /* Collection+randomElement.swift */ = {isa = PBXFileReference; lastKnownFileType = sourcecode.swift; path = "Collection+randomElement.swift"; sourceTree = "<group>"; };
		8E84525E2B669047005CA22D /* OpacityStyle.swift */ = {isa = PBXFileReference; lastKnownFileType = sourcecode.swift; path = OpacityStyle.swift; sourceTree = "<group>"; };
		8E8452602B66906B005CA22D /* GradientEffect.swift */ = {isa = PBXFileReference; lastKnownFileType = sourcecode.swift; path = GradientEffect.swift; sourceTree = "<group>"; };
		8E8452622B6690A2005CA22D /* GetRandomDesign.swift */ = {isa = PBXFileReference; lastKnownFileType = sourcecode.swift; path = GetRandomDesign.swift; sourceTree = "<group>"; };
		8E88ACFA2B5C4CE5003BDB04 /* Organize.app */ = {isa = PBXFileReference; explicitFileType = wrapper.application; includeInIndex = 0; path = Organize.app; sourceTree = BUILT_PRODUCTS_DIR; };
		8E88ACFD2B5C4CE5003BDB04 /* OrganizeApp.swift */ = {isa = PBXFileReference; lastKnownFileType = sourcecode.swift; path = OrganizeApp.swift; sourceTree = "<group>"; };
		8E88ACFF2B5C4CE5003BDB04 /* ContentView.swift */ = {isa = PBXFileReference; lastKnownFileType = sourcecode.swift; path = ContentView.swift; sourceTree = "<group>"; };
		8E88AD012B5C4CE5003BDB04 /* Space.swift */ = {isa = PBXFileReference; lastKnownFileType = sourcecode.swift; path = Space.swift; sourceTree = "<group>"; };
		8E88AD032B5C4CE7003BDB04 /* Assets.xcassets */ = {isa = PBXFileReference; lastKnownFileType = folder.assetcatalog; path = Assets.xcassets; sourceTree = "<group>"; };
		8E88AD062B5C4CE7003BDB04 /* Preview Assets.xcassets */ = {isa = PBXFileReference; lastKnownFileType = folder.assetcatalog; path = "Preview Assets.xcassets"; sourceTree = "<group>"; };
		8E88AD0E2B5C5C41003BDB04 /* Item.swift */ = {isa = PBXFileReference; lastKnownFileType = sourcecode.swift; path = Item.swift; sourceTree = "<group>"; };
		8E88AD102B5C5CEA003BDB04 /* Storage.swift */ = {isa = PBXFileReference; lastKnownFileType = sourcecode.swift; path = Storage.swift; sourceTree = "<group>"; };
		8E88AD122B5C6447003BDB04 /* SpaceView.swift */ = {isa = PBXFileReference; lastKnownFileType = sourcecode.swift; path = SpaceView.swift; sourceTree = "<group>"; };
		8E88AD142B5D7395003BDB04 /* StorageView.swift */ = {isa = PBXFileReference; lastKnownFileType = sourcecode.swift; path = StorageView.swift; sourceTree = "<group>"; };
		8E8D092A2B6412B000AB088B /* Pattern.metal */ = {isa = PBXFileReference; lastKnownFileType = sourcecode.metal; path = Pattern.metal; sourceTree = "<group>"; };
		8E8D092D2B64162800AB088B /* Pattern.swift */ = {isa = PBXFileReference; lastKnownFileType = sourcecode.swift; path = Pattern.swift; sourceTree = "<group>"; };
		8E8FC6C82B77BC6D0038E9B0 /* CircularColorSelectionView.swift */ = {isa = PBXFileReference; lastKnownFileType = sourcecode.swift; path = CircularColorSelectionView.swift; sourceTree = "<group>"; };
		8E91F4042B75483100127170 /* PatternCardView.swift */ = {isa = PBXFileReference; lastKnownFileType = sourcecode.swift; path = PatternCardView.swift; sourceTree = "<group>"; };
		8E97DEB62B77D1800007A9BA /* Float+isApproximateEqual.swift */ = {isa = PBXFileReference; lastKnownFileType = sourcecode.swift; path = "Float+isApproximateEqual.swift"; sourceTree = "<group>"; };
		8E97DEBA2B77DFD60007A9BA /* IconSelectionGridView.swift */ = {isa = PBXFileReference; lastKnownFileType = sourcecode.swift; path = IconSelectionGridView.swift; sourceTree = "<group>"; };
		8E9D350A2B6E2EE500154078 /* CaptureFolderManager.swift */ = {isa = PBXFileReference; lastKnownFileType = sourcecode.swift; path = CaptureFolderManager.swift; sourceTree = "<group>"; };
		8E9D350C2B6E2F3E00154078 /* ShotFileInfo.swift */ = {isa = PBXFileReference; lastKnownFileType = sourcecode.swift; path = ShotFileInfo.swift; sourceTree = "<group>"; };
		8E9D350E2B6E2FDD00154078 /* FeedbackMessages.swift */ = {isa = PBXFileReference; lastKnownFileType = sourcecode.swift; path = FeedbackMessages.swift; sourceTree = "<group>"; };
		8E9D35122B6E312100154078 /* ObjectCaptureDataModel.swift */ = {isa = PBXFileReference; lastKnownFileType = sourcecode.swift; path = ObjectCaptureDataModel.swift; sourceTree = "<group>"; };
		8E9D35142B6E31FC00154078 /* ObjectCaptureDataModel+State.swift */ = {isa = PBXFileReference; lastKnownFileType = sourcecode.swift; path = "ObjectCaptureDataModel+State.swift"; sourceTree = "<group>"; };
		8E9D35162B6E324300154078 /* ObjectCaptureDataModel+Orbit.swift */ = {isa = PBXFileReference; lastKnownFileType = sourcecode.swift; path = "ObjectCaptureDataModel+Orbit.swift"; sourceTree = "<group>"; };
		8E9D35182B6E337300154078 /* TimedMessageList.swift */ = {isa = PBXFileReference; lastKnownFileType = sourcecode.swift; path = TimedMessageList.swift; sourceTree = "<group>"; };
		8E9D351A2B6E344100154078 /* CaptureOnBoardingStateMachine.swift */ = {isa = PBXFileReference; lastKnownFileType = sourcecode.swift; path = CaptureOnBoardingStateMachine.swift; sourceTree = "<group>"; };
		8E9D351C2B6E38AE00154078 /* ModelDirectory.swift */ = {isa = PBXFileReference; lastKnownFileType = sourcecode.swift; path = ModelDirectory.swift; sourceTree = "<group>"; };
		8E9D35212B6E431700154078 /* URL+isDirectory.swift */ = {isa = PBXFileReference; lastKnownFileType = sourcecode.swift; path = "URL+isDirectory.swift"; sourceTree = "<group>"; };
		8E9D35242B6E6D5800154078 /* CapturedObject.swift */ = {isa = PBXFileReference; lastKnownFileType = sourcecode.swift; path = CapturedObject.swift; sourceTree = "<group>"; };
		8E9D35262B6ECD6000154078 /* OrganizationView.swift */ = {isa = PBXFileReference; lastKnownFileType = sourcecode.swift; path = OrganizationView.swift; sourceTree = "<group>"; };
		8E9D35282B6ED4D000154078 /* CaptureViewModel.swift */ = {isa = PBXFileReference; lastKnownFileType = sourcecode.swift; path = CaptureViewModel.swift; sourceTree = "<group>"; };
		8E9D352B2B6EDCBC00154078 /* ReconstructionPrimaryView.swift */ = {isa = PBXFileReference; lastKnownFileType = sourcecode.swift; path = ReconstructionPrimaryView.swift; sourceTree = "<group>"; };
		8E9D352D2B6EDDF300154078 /* UntilPhotogrammetryProcessingCompleteFilter.swift */ = {isa = PBXFileReference; lastKnownFileType = sourcecode.swift; path = UntilPhotogrammetryProcessingCompleteFilter.swift; sourceTree = "<group>"; };
		8E9D352F2B6EDF1500154078 /* CapturedObjectARQuickLookView.swift */ = {isa = PBXFileReference; lastKnownFileType = sourcecode.swift; path = CapturedObjectARQuickLookView.swift; sourceTree = "<group>"; };
		8E9D35322B6EDF9A00154078 /* CapturedObjectARQuickLookRepresentable.swift */ = {isa = PBXFileReference; lastKnownFileType = sourcecode.swift; path = CapturedObjectARQuickLookRepresentable.swift; sourceTree = "<group>"; };
		8E9D35342B6EE12700154078 /* QuickLookViewController.swift */ = {isa = PBXFileReference; lastKnownFileType = sourcecode.swift; path = QuickLookViewController.swift; sourceTree = "<group>"; };
		8E9D35362B6EE22900154078 /* ProcessingStage+String.swift */ = {isa = PBXFileReference; lastKnownFileType = sourcecode.swift; path = "ProcessingStage+String.swift"; sourceTree = "<group>"; };
		8E9D35382B6EE2BC00154078 /* TitleView.swift */ = {isa = PBXFileReference; lastKnownFileType = sourcecode.swift; path = TitleView.swift; sourceTree = "<group>"; };
		8E9D353A2B6EE52000154078 /* ProgressView.swift */ = {isa = PBXFileReference; lastKnownFileType = sourcecode.swift; path = ProgressView.swift; sourceTree = "<group>"; };
		8E9D353D2B6FB5A000154078 /* CircularProgressView.swift */ = {isa = PBXFileReference; lastKnownFileType = sourcecode.swift; path = CircularProgressView.swift; sourceTree = "<group>"; };
		8E9D35402B6FB64400154078 /* CubicObjectCaptureView.swift */ = {isa = PBXFileReference; lastKnownFileType = sourcecode.swift; path = CubicObjectCaptureView.swift; sourceTree = "<group>"; };
		8E9D35422B6FB72300154078 /* CaptureOverlayView.swift */ = {isa = PBXFileReference; lastKnownFileType = sourcecode.swift; path = CaptureOverlayView.swift; sourceTree = "<group>"; };
		8E9D35442B6FB7B100154078 /* CaptureOverlayView+Buttons.swift */ = {isa = PBXFileReference; lastKnownFileType = sourcecode.swift; path = "CaptureOverlayView+Buttons.swift"; sourceTree = "<group>"; };
		8E9D35472B6FB82F00154078 /* CaptureOverlayView+LocalizedString.swift */ = {isa = PBXFileReference; lastKnownFileType = sourcecode.swift; path = "CaptureOverlayView+LocalizedString.swift"; sourceTree = "<group>"; };
		8E9D354A2B6FBB7E00154078 /* HelpPageView.swift */ = {isa = PBXFileReference; lastKnownFileType = sourcecode.swift; path = HelpPageView.swift; sourceTree = "<group>"; };
		8E9D354D2B6FBC3A00154078 /* ObjectCaptureOnboardingView.swift */ = {isa = PBXFileReference; lastKnownFileType = sourcecode.swift; path = ObjectCaptureOnboardingView.swift; sourceTree = "<group>"; };
		8E9D354F2B6FBCF100154078 /* OnboardingTutorialView.swift */ = {isa = PBXFileReference; lastKnownFileType = sourcecode.swift; path = OnboardingTutorialView.swift; sourceTree = "<group>"; };
		8E9D35512B6FBDA200154078 /* OnboardingTutorialView+LocalizedString.swift */ = {isa = PBXFileReference; lastKnownFileType = sourcecode.swift; path = "OnboardingTutorialView+LocalizedString.swift"; sourceTree = "<group>"; };
		8E9D35532B6FBE2200154078 /* TutorialVideoView.swift */ = {isa = PBXFileReference; lastKnownFileType = sourcecode.swift; path = TutorialVideoView.swift; sourceTree = "<group>"; };
		8E9D35552B6FBE6A00154078 /* PlayerView.swift */ = {isa = PBXFileReference; lastKnownFileType = sourcecode.swift; path = PlayerView.swift; sourceTree = "<group>"; };
		8E9D35572B6FBF2600154078 /* OnboardingButtonView.swift */ = {isa = PBXFileReference; lastKnownFileType = sourcecode.swift; path = OnboardingButtonView.swift; sourceTree = "<group>"; };
		8E9D35592B6FBFB300154078 /* OnboardingButtonView+LocailizedString.swift */ = {isa = PBXFileReference; lastKnownFileType = sourcecode.swift; path = "OnboardingButtonView+LocailizedString.swift"; sourceTree = "<group>"; };
		8E9D355B2B6FC04F00154078 /* FeedbackView.swift */ = {isa = PBXFileReference; lastKnownFileType = sourcecode.swift; path = FeedbackView.swift; sourceTree = "<group>"; };
		8E9D355D2B6FE0A800154078 /* String+inText.swift */ = {isa = PBXFileReference; lastKnownFileType = sourcecode.swift; path = "String+inText.swift"; sourceTree = "<group>"; };
		8EA525302B76BDE40085C9B0 /* SymbolView.swift */ = {isa = PBXFileReference; lastKnownFileType = sourcecode.swift; name = SymbolView.swift; path = ../../../../SymbolView.swift; sourceTree = "<group>"; };
		8EB7EDED2B66A3130049E709 /* ColorHelper.swift */ = {isa = PBXFileReference; lastKnownFileType = sourcecode.swift; path = ColorHelper.swift; sourceTree = "<group>"; };
		8EB7EDF12B66D3130049E709 /* ColorComponents.swift */ = {isa = PBXFileReference; lastKnownFileType = sourcecode.swift; path = ColorComponents.swift; sourceTree = "<group>"; };
		8ECBDC402B605BDF00CCF70F /* Meta.swift */ = {isa = PBXFileReference; lastKnownFileType = sourcecode.swift; path = Meta.swift; sourceTree = "<group>"; };
		8ED065032B8549B500B1224F /* ActivityViewControllerRepresentable.swift */ = {isa = PBXFileReference; lastKnownFileType = sourcecode.swift; path = ActivityViewControllerRepresentable.swift; sourceTree = "<group>"; };
		8ED1EB732B68031E003377CA /* Curtain.metal */ = {isa = PBXFileReference; lastKnownFileType = sourcecode.metal; path = Curtain.metal; sourceTree = "<group>"; };
		8ED1EB752B680385003377CA /* CurtainStack.swift */ = {isa = PBXFileReference; lastKnownFileType = sourcecode.swift; path = CurtainStack.swift; sourceTree = "<group>"; };
		8ED1EB772B68040C003377CA /* Shader+float2.swift */ = {isa = PBXFileReference; lastKnownFileType = sourcecode.swift; path = "Shader+float2.swift"; sourceTree = "<group>"; };
		8ED1EB7B2B680F95003377CA /* Clamp.swift */ = {isa = PBXFileReference; lastKnownFileType = sourcecode.swift; path = Clamp.swift; sourceTree = "<group>"; };
		8ED1EB7D2B681028003377CA /* CurtainEffect.swift */ = {isa = PBXFileReference; lastKnownFileType = sourcecode.swift; path = CurtainEffect.swift; sourceTree = "<group>"; };
		8ED48FBF2B5DACF900EB643A /* AppViewModel.swift */ = {isa = PBXFileReference; lastKnownFileType = sourcecode.swift; path = AppViewModel.swift; sourceTree = "<group>"; };
		8ED48FC12B601A7000EB643A /* ContentColumnView.swift */ = {isa = PBXFileReference; lastKnownFileType = sourcecode.swift; path = ContentColumnView.swift; sourceTree = "<group>"; };
		8ED48FC32B6028CA00EB643A /* View+If.swift */ = {isa = PBXFileReference; lastKnownFileType = sourcecode.swift; path = "View+If.swift"; sourceTree = "<group>"; };
		8ED48FC62B602FB900EB643A /* View+AdaptiveNavigationTitle.swift */ = {isa = PBXFileReference; lastKnownFileType = sourcecode.swift; path = "View+AdaptiveNavigationTitle.swift"; sourceTree = "<group>"; };
		8ED633702B7FA80A000113E2 /* ItemView.swift */ = {isa = PBXFileReference; lastKnownFileType = sourcecode.swift; path = ItemView.swift; sourceTree = "<group>"; };
		8ED633732B7FADC3000113E2 /* SingleItemDetailView.swift */ = {isa = PBXFileReference; lastKnownFileType = sourcecode.swift; path = SingleItemDetailView.swift; sourceTree = "<group>"; };
		8ED633772B7FD6EA000113E2 /* MetaGridView.swift */ = {isa = PBXFileReference; lastKnownFileType = sourcecode.swift; path = MetaGridView.swift; sourceTree = "<group>"; };
		8EDB6FA62B867D8A000E6858 /* CapturedRoom.Object.Category+getName.swift */ = {isa = PBXFileReference; lastKnownFileType = sourcecode.swift; path = "CapturedRoom.Object.Category+getName.swift"; sourceTree = "<group>"; };
		8EDDFEB22B74B0E50009A290 /* BetterCardPatternView+Design.swift */ = {isa = PBXFileReference; lastKnownFileType = sourcecode.swift; path = "BetterCardPatternView+Design.swift"; sourceTree = "<group>"; };
		8EDDFEB42B74C2F90009A290 /* SymbolView+Design.swift */ = {isa = PBXFileReference; lastKnownFileType = sourcecode.swift; path = "SymbolView+Design.swift"; sourceTree = "<group>"; };
		8EDDFEB62B74C6000009A290 /* Character+emoji.swift */ = {isa = PBXFileReference; lastKnownFileType = sourcecode.swift; path = "Character+emoji.swift"; sourceTree = "<group>"; };
		8EDDFEB92B74C6980009A290 /* String+emoji.swift */ = {isa = PBXFileReference; lastKnownFileType = sourcecode.swift; path = "String+emoji.swift"; sourceTree = "<group>"; };
		8EE9639D2B6983F8002AA850 /* SingleStorageDetailView.swift */ = {isa = PBXFileReference; lastKnownFileType = sourcecode.swift; path = SingleStorageDetailView.swift; sourceTree = "<group>"; };
		8EEE7B042B83E3EE00B7AE70 /* FormEditView.swift */ = {isa = PBXFileReference; fileEncoding = 4; lastKnownFileType = sourcecode.swift; path = FormEditView.swift; sourceTree = "<group>"; };
		8EF034432B61A8F100A15340 /* DetailsView.swift */ = {isa = PBXFileReference; lastKnownFileType = sourcecode.swift; path = DetailsView.swift; sourceTree = "<group>"; };
/* End PBXFileReference section */

/* Begin PBXFrameworksBuildPhase section */
		8E88ACF72B5C4CE5003BDB04 /* Frameworks */ = {
			isa = PBXFrameworksBuildPhase;
			buildActionMask = 2147483647;
			files = (
			);
			runOnlyForDeploymentPostprocessing = 0;
		};
/* End PBXFrameworksBuildPhase section */

/* Begin PBXGroup section */
		8E00F9DE2B7938030094B8F6 /* PlacementPickerViews */ = {
			isa = PBXGroup;
			children = (
				8E00F9DC2B7936680094B8F6 /* StoragePickerView.swift */,
			);
			path = PlacementPickerViews;
			sourceTree = "<group>";
		};
		8E0D3FB02B717E3E00C89018 /* Resources */ = {
			isa = PBXGroup;
			children = (
				8E0D3FB32B717E8600C89018 /* ScanPasses-iPad-FixedHeight-1.mp4 */,
				8E0D3FB52B717E8600C89018 /* ScanPasses-iPad-FixedHeight-2.mp4 */,
				8E0D3FBA2B717E8600C89018 /* ScanPasses-iPad-FixedHeight-3.mp4 */,
				8E0D3FB42B717E8600C89018 /* ScanPasses-iPad-FixedHeight-unflippable-high.mp4 */,
				8E0D3FB92B717E8600C89018 /* ScanPasses-iPad-FixedHeight-unflippable-low.mp4 */,
				8E0D3FB72B717E8600C89018 /* ScanPasses-iPhone-FixedHeight-1.mp4 */,
				8E0D3FB62B717E8600C89018 /* ScanPasses-iPhone-FixedHeight-2.mp4 */,
				8E0D3FB12B717E8600C89018 /* ScanPasses-iPhone-FixedHeight-3.mp4 */,
				8E0D3FB22B717E8600C89018 /* ScanPasses-iPhone-FixedHeight-unflippable-high.mp4 */,
				8E0D3FB82B717E8600C89018 /* ScanPasses-iPhone-FixedHeight-unflippable-low.mp4 */,
			);
			path = Resources;
			sourceTree = "<group>";
		};
		8E22690B2B655255007F0C89 /* PatternViews */ = {
			isa = PBXGroup;
			children = (
				8E2269092B654EEA007F0C89 /* PatternDesignView.swift */,
				8E22690E2B655905007F0C89 /* AuroraView.swift */,
				8E22690C2B65529F007F0C89 /* PatternView.swift */,
			);
			path = PatternViews;
			sourceTree = "<group>";
		};
		8E396E142B82876C00508791 /* ScanTabViews */ = {
			isa = PBXGroup;
			children = (
				8E396E152B82881400508791 /* SpaceScanView.swift */,
			);
			path = ScanTabViews;
			sourceTree = "<group>";
		};
		8E486C152B72934A005F0C4A /* DIP */ = {
			isa = PBXGroup;
			children = (
				8E7357A72B72842900F779B2 /* ItemAddFormView+Design.swift */,
				8E486C1F2B72BC90005F0C4A /* Archive */,
				8E486C162B729361005F0C4A /* README.md */,
				8EDDFEB22B74B0E50009A290 /* BetterCardPatternView+Design.swift */,
			);
			path = DIP;
			sourceTree = "<group>";
		};
		8E486C1F2B72BC90005F0C4A /* Archive */ = {
			isa = PBXGroup;
			children = (
				8EDDFEB42B74C2F90009A290 /* SymbolView+Design.swift */,
				8E486C192B72AEA5005F0C4A /* ShapeLabelStyle+Design.swift */,
				8E486C1B2B72B6E1005F0C4A /* ShapeIconView+Design.swift */,
			);
			path = Archive;
			sourceTree = "<group>";
		};
		8E7357A62B72837900F779B2 /* Forms */ = {
			isa = PBXGroup;
			children = (
				8E6CD0832B7757F200BF1A18 /* IconNameCardView.swift */,
				8E8FC6C72B77BC220038E9B0 /* ColorSelectionViews */,
				8E97DEBC2B77E7810007A9BA /* IconSelectionView */,
				8E53A3F42B77FC9A00A92BDB /* PatternSelectionView.swift */,
				8E00F9DE2B7938030094B8F6 /* PlacementPickerViews */,
			);
			path = Forms;
			sourceTree = "<group>";
		};
		8E84525D2B66902D005CA22D /* PatternDesign */ = {
			isa = PBXGroup;
			children = (
				8E8452592B663D84005CA22D /* PatternDesign.swift */,
				8E84525E2B669047005CA22D /* OpacityStyle.swift */,
				8E8452602B66906B005CA22D /* GradientEffect.swift */,
				8E8452622B6690A2005CA22D /* GetRandomDesign.swift */,
			);
			path = PatternDesign;
			sourceTree = "<group>";
		};
		8E88ACF12B5C4CE5003BDB04 = {
			isa = PBXGroup;
			children = (
				8E88ACFC2B5C4CE5003BDB04 /* Organize */,
				8E88ACFB2B5C4CE5003BDB04 /* Products */,
			);
			sourceTree = "<group>";
		};
		8E88ACFB2B5C4CE5003BDB04 /* Products */ = {
			isa = PBXGroup;
			children = (
				8E88ACFA2B5C4CE5003BDB04 /* Organize.app */,
			);
			name = Products;
			sourceTree = "<group>";
		};
		8E88ACFC2B5C4CE5003BDB04 /* Organize */ = {
			isa = PBXGroup;
			children = (
				8E7FAC2B2B87AB7E004FE8F0 /* Info.plist */,
				8E0D3FB02B717E3E00C89018 /* Resources */,
				8E8D09222B640CFB00AB088B /* Shaders */,
				8E8D092C2B64161400AB088B /* Styles */,
				8ED48FC52B6028E800EB643A /* Extensions */,
				8EB7EDEC2B66A2EF0049E709 /* Helpers */,
				8E9D35102B6E305C00154078 /* Protocols */,
				8EF0343A2B61662B00A15340 /* SwiftData */,
				8E9D35092B6E2E7800154078 /* Managers */,
				8E88AD0D2B5C5C22003BDB04 /* DataModels */,
				8EB9448F2B615A75005FBADC /* ViewModels */,
				8E9D35312B6EDF5E00154078 /* ViewController */,
				8E9D353C2B6EE7BB00154078 /* ViewRepresentable */,
				8E486C152B72934A005F0C4A /* DIP */,
				8EB944902B615AE1005FBADC /* Views */,
				8E88ACFF2B5C4CE5003BDB04 /* ContentView.swift */,
				8E88ACFD2B5C4CE5003BDB04 /* OrganizeApp.swift */,
				8E88AD032B5C4CE7003BDB04 /* Assets.xcassets */,
				8E88AD052B5C4CE7003BDB04 /* Preview Content */,
			);
			path = Organize;
			sourceTree = "<group>";
		};
		8E88AD052B5C4CE7003BDB04 /* Preview Content */ = {
			isa = PBXGroup;
			children = (
				8E88AD062B5C4CE7003BDB04 /* Preview Assets.xcassets */,
			);
			path = "Preview Content";
			sourceTree = "<group>";
		};
		8E88AD0D2B5C5C22003BDB04 /* DataModels */ = {
			isa = PBXGroup;
			children = (
				8E9D35112B6E309C00154078 /* ObjectCaptureDataModel */,
			);
			path = DataModels;
			sourceTree = "<group>";
		};
		8E8D09222B640CFB00AB088B /* Shaders */ = {
			isa = PBXGroup;
			children = (
				8E8D092A2B6412B000AB088B /* Pattern.metal */,
				8E11CFC22B6449F3000E13B0 /* WaveShader.metal */,
				8ED1EB732B68031E003377CA /* Curtain.metal */,
			);
			path = Shaders;
			sourceTree = "<group>";
		};
		8E8D092C2B64161400AB088B /* Styles */ = {
			isa = PBXGroup;
			children = (
				8E84525D2B66902D005CA22D /* PatternDesign */,
				8E8D092D2B64162800AB088B /* Pattern.swift */,
				8E2269102B657BEB007F0C89 /* AuroraStyles.swift */,
				8ED1EB7D2B681028003377CA /* CurtainEffect.swift */,
				8E486C1D2B72B9F4005F0C4A /* ShapedLabelStyle.swift */,
				8E4BDAF02B7D2F51003471B2 /* ListButtonStyle.swift */,
			);
			path = Styles;
			sourceTree = "<group>";
		};
		8E8FC6C72B77BC220038E9B0 /* ColorSelectionViews */ = {
			isa = PBXGroup;
			children = (
				8E8FC6C82B77BC6D0038E9B0 /* CircularColorSelectionView.swift */,
				8E6CD0872B77946100BF1A18 /* ColorSelectionGridView.swift */,
			);
			path = ColorSelectionViews;
			sourceTree = "<group>";
		};
		8E97DEBC2B77E7810007A9BA /* IconSelectionView */ = {
			isa = PBXGroup;
			children = (
				8E53A3F02B77E86200A92BDB /* CircularIconSelectionView.swift */,
				8E53A3F22B77F6E900A92BDB /* CircularEmojiSelectionView.swift */,
				8E97DEBA2B77DFD60007A9BA /* IconSelectionGridView.swift */,
			);
			path = IconSelectionView;
			sourceTree = "<group>";
		};
		8E9D35092B6E2E7800154078 /* Managers */ = {
			isa = PBXGroup;
			children = (
				8E9D350A2B6E2EE500154078 /* CaptureFolderManager.swift */,
			);
			path = Managers;
			sourceTree = "<group>";
		};
		8E9D35102B6E305C00154078 /* Protocols */ = {
			isa = PBXGroup;
			children = (
				8ECBDC402B605BDF00CCF70F /* Meta.swift */,
				8E9D351C2B6E38AE00154078 /* ModelDirectory.swift */,
			);
			path = Protocols;
			sourceTree = "<group>";
		};
		8E9D35112B6E309C00154078 /* ObjectCaptureDataModel */ = {
			isa = PBXGroup;
			children = (
				8E9D35122B6E312100154078 /* ObjectCaptureDataModel.swift */,
				8E9D35142B6E31FC00154078 /* ObjectCaptureDataModel+State.swift */,
				8E9D35162B6E324300154078 /* ObjectCaptureDataModel+Orbit.swift */,
			);
			path = ObjectCaptureDataModel;
			sourceTree = "<group>";
		};
		8E9D35202B6E42FF00154078 /* Views */ = {
			isa = PBXGroup;
			children = (
				8ED48FC32B6028CA00EB643A /* View+If.swift */,
				8ED48FC62B602FB900EB643A /* View+AdaptiveNavigationTitle.swift */,
			);
			path = Views;
			sourceTree = "<group>";
		};
		8E9D35232B6E481500154078 /* ObjectCapture */ = {
			isa = PBXGroup;
			children = (
				8E9D350C2B6E2F3E00154078 /* ShotFileInfo.swift */,
				8E9D350E2B6E2FDD00154078 /* FeedbackMessages.swift */,
				8E9D35182B6E337300154078 /* TimedMessageList.swift */,
				8E9D351A2B6E344100154078 /* CaptureOnBoardingStateMachine.swift */,
				8E9D352D2B6EDDF300154078 /* UntilPhotogrammetryProcessingCompleteFilter.swift */,
			);
			path = ObjectCapture;
			sourceTree = "<group>";
		};
		8E9D352A2B6EDCA100154078 /* ReconstructionViews */ = {
			isa = PBXGroup;
			children = (
				8E9D352F2B6EDF1500154078 /* CapturedObjectARQuickLookView.swift */,
				8E9D353A2B6EE52000154078 /* ProgressView.swift */,
				8E9D35382B6EE2BC00154078 /* TitleView.swift */,
				8E9D352B2B6EDCBC00154078 /* ReconstructionPrimaryView.swift */,
			);
			path = ReconstructionViews;
			sourceTree = "<group>";
		};
		8E9D35312B6EDF5E00154078 /* ViewController */ = {
			isa = PBXGroup;
			children = (
				8E9D35342B6EE12700154078 /* QuickLookViewController.swift */,
				8E396E1A2B8289CD00508791 /* RoomCaptureViewController.swift */,
				8E396E222B8295E200508791 /* RoomCaptureViewController+RoomCaptureSessionDelegate.swift */,
			);
			path = ViewController;
			sourceTree = "<group>";
		};
		8E9D353C2B6EE7BB00154078 /* ViewRepresentable */ = {
			isa = PBXGroup;
			children = (
				8E9D35322B6EDF9A00154078 /* CapturedObjectARQuickLookRepresentable.swift */,
				8E396E242B82966500508791 /* RoomCaptureRepresentableView.swift */,
				8ED065032B8549B500B1224F /* ActivityViewControllerRepresentable.swift */,
			);
			path = ViewRepresentable;
			sourceTree = "<group>";
		};
		8E9D353F2B6FB60500154078 /* ObjectCaptureViews */ = {
			isa = PBXGroup;
			children = (
				8E9D354C2B6FBC1B00154078 /* OnboardingViews */,
				8E9D35492B6FBB6000154078 /* HelpViews */,
				8E9D35462B6FB80E00154078 /* CaptureOverlayViews */,
				8E9D35402B6FB64400154078 /* CubicObjectCaptureView.swift */,
			);
			path = ObjectCaptureViews;
			sourceTree = "<group>";
		};
		8E9D35462B6FB80E00154078 /* CaptureOverlayViews */ = {
			isa = PBXGroup;
			children = (
				8E9D35472B6FB82F00154078 /* CaptureOverlayView+LocalizedString.swift */,
				8E9D35442B6FB7B100154078 /* CaptureOverlayView+Buttons.swift */,
				8E9D35422B6FB72300154078 /* CaptureOverlayView.swift */,
			);
			path = CaptureOverlayViews;
			sourceTree = "<group>";
		};
		8E9D35492B6FBB6000154078 /* HelpViews */ = {
			isa = PBXGroup;
			children = (
				8E9D354A2B6FBB7E00154078 /* HelpPageView.swift */,
				8E9D35532B6FBE2200154078 /* TutorialVideoView.swift */,
				8E9D355B2B6FC04F00154078 /* FeedbackView.swift */,
			);
			path = HelpViews;
			sourceTree = "<group>";
		};
		8E9D354C2B6FBC1B00154078 /* OnboardingViews */ = {
			isa = PBXGroup;
			children = (
				8E9D354D2B6FBC3A00154078 /* ObjectCaptureOnboardingView.swift */,
				8E9D354F2B6FBCF100154078 /* OnboardingTutorialView.swift */,
				8E9D35512B6FBDA200154078 /* OnboardingTutorialView+LocalizedString.swift */,
				8E9D35572B6FBF2600154078 /* OnboardingButtonView.swift */,
				8E9D35592B6FBFB300154078 /* OnboardingButtonView+LocailizedString.swift */,
			);
			path = OnboardingViews;
			sourceTree = "<group>";
		};
		8EB7EDEC2B66A2EF0049E709 /* Helpers */ = {
			isa = PBXGroup;
			children = (
				8EB7EDED2B66A3130049E709 /* ColorHelper.swift */,
				8ED1EB7B2B680F95003377CA /* Clamp.swift */,
				8EB7EDF12B66D3130049E709 /* ColorComponents.swift */,
				8E9D35232B6E481500154078 /* ObjectCapture */,
			);
			path = Helpers;
			sourceTree = "<group>";
		};
		8EB9448F2B615A75005FBADC /* ViewModels */ = {
			isa = PBXGroup;
			children = (
				8ED48FBF2B5DACF900EB643A /* AppViewModel.swift */,
				8E9D35282B6ED4D000154078 /* CaptureViewModel.swift */,
				8E396E1C2B828A9D00508791 /* SpaceScanViewModel.swift */,
			);
			path = ViewModels;
			sourceTree = "<group>";
		};
		8EB944902B615AE1005FBADC /* Views */ = {
			isa = PBXGroup;
			children = (
				8ED1EB7F2B681047003377CA /* SubViews */,
				8E7357A62B72837900F779B2 /* Forms */,
				8EEE7B042B83E3EE00B7AE70 /* FormEditView.swift */,
				8E22690B2B655255007F0C89 /* PatternViews */,
				8E396E142B82876C00508791 /* ScanTabViews */,
				8EF034382B615B5F00A15340 /* CaptureTabViews */,
				8EF034372B615B3800A15340 /* OrganizationTabViews */,
			);
			path = Views;
			sourceTree = "<group>";
		};
		8ED1EB7F2B681047003377CA /* SubViews */ = {
			isa = PBXGroup;
			children = (
				8EF034412B6166E700A15340 /* MetaInfoViews */,
				8ED1EB752B680385003377CA /* CurtainStack.swift */,
				8E9D353D2B6FB5A000154078 /* CircularProgressView.swift */,
				8E9D35552B6FBE6A00154078 /* PlayerView.swift */,
				8E91F4042B75483100127170 /* PatternCardView.swift */,
				8EA525302B76BDE40085C9B0 /* SymbolView.swift */,
			);
			path = SubViews;
			sourceTree = "<group>";
		};
		8ED48FC52B6028E800EB643A /* Extensions */ = {
			isa = PBXGroup;
			children = (
				8E9D35202B6E42FF00154078 /* Views */,
				8EDDFEB82B74C6800009A290 /* Emoji */,
				8E6CD0852B7764D800BF1A18 /* Color+systemBackground.swift */,
				8E84525B2B664A85005CA22D /* Collection+randomElement.swift */,
				8E9D355D2B6FE0A800154078 /* String+inText.swift */,
				8E9D35362B6EE22900154078 /* ProcessingStage+String.swift */,
				8ED1EB772B68040C003377CA /* Shader+float2.swift */,
				8E9D35212B6E431700154078 /* URL+isDirectory.swift */,
				8E97DEB62B77D1800007A9BA /* Float+isApproximateEqual.swift */,
				8E396E1E2B828C8E00508791 /* CapturedRoom+Equatable.swift */,
				8E396E202B828DDE00508791 /* CapturedRoom.Object+Equatable.swift */,
				8EDB6FA62B867D8A000E6858 /* CapturedRoom.Object.Category+getName.swift */,
			);
			path = Extensions;
			sourceTree = "<group>";
		};
		8ED6336F2B7F5541000113E2 /* StorageViews */ = {
			isa = PBXGroup;
			children = (
				8EE9639D2B6983F8002AA850 /* SingleStorageDetailView.swift */,
				8E88AD142B5D7395003BDB04 /* StorageView.swift */,
			);
			path = StorageViews;
			sourceTree = "<group>";
		};
		8ED633722B7FAD97000113E2 /* ItemViews */ = {
			isa = PBXGroup;
			children = (
				8ED633732B7FADC3000113E2 /* SingleItemDetailView.swift */,
				8ED633702B7FA80A000113E2 /* ItemView.swift */,
			);
			path = ItemViews;
			sourceTree = "<group>";
		};
		8ED633752B7FD6C6000113E2 /* SubViews */ = {
			isa = PBXGroup;
			children = (
				8ED633772B7FD6EA000113E2 /* MetaGridView.swift */,
				8E7FAC2C2B87B53E004FE8F0 /* StorageListView.swift */,
			);
			path = SubViews;
			sourceTree = "<group>";
		};
		8EDDFEB82B74C6800009A290 /* Emoji */ = {
			isa = PBXGroup;
			children = (
				8EDDFEB62B74C6000009A290 /* Character+emoji.swift */,
				8EDDFEB92B74C6980009A290 /* String+emoji.swift */,
			);
			path = Emoji;
			sourceTree = "<group>";
		};
		8EF034372B615B3800A15340 /* OrganizationTabViews */ = {
			isa = PBXGroup;
			children = (
				8EF034402B6166BA00A15340 /* NavigationColumns */,
				8E9D35262B6ECD6000154078 /* OrganizationView.swift */,
			);
			path = OrganizationTabViews;
			sourceTree = "<group>";
		};
		8EF034382B615B5F00A15340 /* CaptureTabViews */ = {
			isa = PBXGroup;
			children = (
				8E9D353F2B6FB60500154078 /* ObjectCaptureViews */,
				8E9D352A2B6EDCA100154078 /* ReconstructionViews */,
				8E5528592B5DA3CF00EEBCCB /* ItemCaptureView.swift */,
			);
			path = CaptureTabViews;
			sourceTree = "<group>";
		};
		8EF0343A2B61662B00A15340 /* SwiftData */ = {
			isa = PBXGroup;
			children = (
				8E88AD012B5C4CE5003BDB04 /* Space.swift */,
				8E88AD102B5C5CEA003BDB04 /* Storage.swift */,
				8E88AD0E2B5C5C41003BDB04 /* Item.swift */,
				8E9D35242B6E6D5800154078 /* CapturedObject.swift */,
			);
			path = SwiftData;
			sourceTree = "<group>";
		};
		8EF034402B6166BA00A15340 /* NavigationColumns */ = {
			isa = PBXGroup;
			children = (
				8ED633752B7FD6C6000113E2 /* SubViews */,
				8EF034422B61670700A15340 /* DetailViews */,
				8EF034432B61A8F100A15340 /* DetailsView.swift */,
				8ED48FC12B601A7000EB643A /* ContentColumnView.swift */,
				8E5528512B5D925B00EEBCCB /* SideBarView.swift */,
			);
			path = NavigationColumns;
			sourceTree = "<group>";
		};
		8EF034412B6166E700A15340 /* MetaInfoViews */ = {
			isa = PBXGroup;
			children = (
				8E5528532B5D9A1A00EEBCCB /* MetaInfoView.swift */,
				8E5528572B5D9AB900EEBCCB /* MetaPrimitiveView.swift */,
				8E5528312B5D823300EEBCCB /* InformationLabelView.swift */,
			);
			path = MetaInfoViews;
			sourceTree = "<group>";
		};
		8EF034422B61670700A15340 /* DetailViews */ = {
			isa = PBXGroup;
			children = (
				8E88AD122B5C6447003BDB04 /* SpaceView.swift */,
				8ED6336F2B7F5541000113E2 /* StorageViews */,
				8ED633722B7FAD97000113E2 /* ItemViews */,
			);
			path = DetailViews;
			sourceTree = "<group>";
		};
/* End PBXGroup section */

/* Begin PBXNativeTarget section */
		8E88ACF92B5C4CE5003BDB04 /* Organize */ = {
			isa = PBXNativeTarget;
			buildConfigurationList = 8E88AD0A2B5C4CE7003BDB04 /* Build configuration list for PBXNativeTarget "Organize" */;
			buildPhases = (
				8E88ACF62B5C4CE5003BDB04 /* Sources */,
				8E88ACF72B5C4CE5003BDB04 /* Frameworks */,
				8E88ACF82B5C4CE5003BDB04 /* Resources */,
			);
			buildRules = (
			);
			dependencies = (
			);
			name = Organize;
			productName = Storage;
			productReference = 8E88ACFA2B5C4CE5003BDB04 /* Organize.app */;
			productType = "com.apple.product-type.application";
		};
/* End PBXNativeTarget section */

/* Begin PBXProject section */
		8E88ACF22B5C4CE5003BDB04 /* Project object */ = {
			isa = PBXProject;
			attributes = {
				BuildIndependentTargetsInParallel = 1;
				LastSwiftUpdateCheck = 1510;
				LastUpgradeCheck = 1510;
				TargetAttributes = {
					8E88ACF92B5C4CE5003BDB04 = {
						CreatedOnToolsVersion = 15.1;
					};
				};
			};
			buildConfigurationList = 8E88ACF52B5C4CE5003BDB04 /* Build configuration list for PBXProject "Organize" */;
			compatibilityVersion = "Xcode 14.0";
			developmentRegion = en;
			hasScannedForEncodings = 0;
			knownRegions = (
				en,
				Base,
			);
			mainGroup = 8E88ACF12B5C4CE5003BDB04;
			productRefGroup = 8E88ACFB2B5C4CE5003BDB04 /* Products */;
			projectDirPath = "";
			projectRoot = "";
			targets = (
				8E88ACF92B5C4CE5003BDB04 /* Organize */,
			);
		};
/* End PBXProject section */

/* Begin PBXResourcesBuildPhase section */
		8E88ACF82B5C4CE5003BDB04 /* Resources */ = {
			isa = PBXResourcesBuildPhase;
			buildActionMask = 2147483647;
			files = (
				8E0D3FBE2B717E8600C89018 /* ScanPasses-iPad-FixedHeight-unflippable-high.mp4 in Resources */,
				8E0D3FBF2B717E8600C89018 /* ScanPasses-iPad-FixedHeight-2.mp4 in Resources */,
				8E88AD072B5C4CE7003BDB04 /* Preview Assets.xcassets in Resources */,
				8E0D3FC02B717E8600C89018 /* ScanPasses-iPhone-FixedHeight-2.mp4 in Resources */,
				8E486C172B729361005F0C4A /* README.md in Resources */,
				8E0D3FC12B717E8600C89018 /* ScanPasses-iPhone-FixedHeight-1.mp4 in Resources */,
				8E0D3FBB2B717E8600C89018 /* ScanPasses-iPhone-FixedHeight-3.mp4 in Resources */,
				8E88AD042B5C4CE7003BDB04 /* Assets.xcassets in Resources */,
				8E0D3FC42B717E8600C89018 /* ScanPasses-iPad-FixedHeight-3.mp4 in Resources */,
				8E0D3FBD2B717E8600C89018 /* ScanPasses-iPad-FixedHeight-1.mp4 in Resources */,
				8E0D3FC22B717E8600C89018 /* ScanPasses-iPhone-FixedHeight-unflippable-low.mp4 in Resources */,
				8E0D3FC32B717E8600C89018 /* ScanPasses-iPad-FixedHeight-unflippable-low.mp4 in Resources */,
				8E0D3FBC2B717E8600C89018 /* ScanPasses-iPhone-FixedHeight-unflippable-high.mp4 in Resources */,
			);
			runOnlyForDeploymentPostprocessing = 0;
		};
/* End PBXResourcesBuildPhase section */

/* Begin PBXSourcesBuildPhase section */
		8E88ACF62B5C4CE5003BDB04 /* Sources */ = {
			isa = PBXSourcesBuildPhase;
			buildActionMask = 2147483647;
			files = (
				8E9D35222B6E431700154078 /* URL+isDirectory.swift in Sources */,
				8E84525A2B663D84005CA22D /* PatternDesign.swift in Sources */,
				8E84525C2B664A85005CA22D /* Collection+randomElement.swift in Sources */,
				8E9D35582B6FBF2600154078 /* OnboardingButtonView.swift in Sources */,
				8EDDFEB32B74B0E50009A290 /* BetterCardPatternView+Design.swift in Sources */,
				8EEE7B052B83E3EE00B7AE70 /* FormEditView.swift in Sources */,
				8E7357A82B72842900F779B2 /* ItemAddFormView+Design.swift in Sources */,
				8EDDFEBB2B74C8FA0009A290 /* ShapeLabelStyle+Design.swift in Sources */,
				8E22690D2B65529F007F0C89 /* PatternView.swift in Sources */,
				8E6CD0862B7764D800BF1A18 /* Color+systemBackground.swift in Sources */,
				8E396E232B8295E200508791 /* RoomCaptureViewController+RoomCaptureSessionDelegate.swift in Sources */,
				8E396E1F2B828C8E00508791 /* CapturedRoom+Equatable.swift in Sources */,
				8E84525F2B669047005CA22D /* OpacityStyle.swift in Sources */,
				8E5528322B5D823300EEBCCB /* InformationLabelView.swift in Sources */,
				8E9D351B2B6E344100154078 /* CaptureOnBoardingStateMachine.swift in Sources */,
				8E88AD0F2B5C5C41003BDB04 /* Item.swift in Sources */,
				8EDDFEBA2B74C6980009A290 /* String+emoji.swift in Sources */,
				8E9D352E2B6EDDF300154078 /* UntilPhotogrammetryProcessingCompleteFilter.swift in Sources */,
				8E88AD002B5C4CE5003BDB04 /* ContentView.swift in Sources */,
				8EB7EDF22B66D3130049E709 /* ColorComponents.swift in Sources */,
				8E6CD0842B7757F200BF1A18 /* IconNameCardView.swift in Sources */,
				8ED48FC22B601A7000EB643A /* ContentColumnView.swift in Sources */,
				8E00F9DD2B7936680094B8F6 /* StoragePickerView.swift in Sources */,
				8EDDFEB72B74C6000009A290 /* Character+emoji.swift in Sources */,
				8E9D35132B6E312100154078 /* ObjectCaptureDataModel.swift in Sources */,
				8E9D35482B6FB82F00154078 /* CaptureOverlayView+LocalizedString.swift in Sources */,
				8E9D35172B6E324300154078 /* ObjectCaptureDataModel+Orbit.swift in Sources */,
				8E55285A2B5DA3CF00EEBCCB /* ItemCaptureView.swift in Sources */,
				8E88AD022B5C4CE5003BDB04 /* Space.swift in Sources */,
				8E9D355A2B6FBFB300154078 /* OnboardingButtonView+LocailizedString.swift in Sources */,
				8E9D354B2B6FBB7E00154078 /* HelpPageView.swift in Sources */,
				8E486C1E2B72B9F4005F0C4A /* ShapedLabelStyle.swift in Sources */,
				8E8D092E2B64162800AB088B /* Pattern.swift in Sources */,
				8E396E1B2B8289CD00508791 /* RoomCaptureViewController.swift in Sources */,
				8E9D35352B6EE12700154078 /* QuickLookViewController.swift in Sources */,
				8E88AD112B5C5CEA003BDB04 /* Storage.swift in Sources */,
				8EE9639E2B6983F8002AA850 /* SingleStorageDetailView.swift in Sources */,
				8E9D35542B6FBE2200154078 /* TutorialVideoView.swift in Sources */,
				8E9D35562B6FBE6A00154078 /* PlayerView.swift in Sources */,
				8ED1EB782B68040C003377CA /* Shader+float2.swift in Sources */,
				8E8D092B2B6412B000AB088B /* Pattern.metal in Sources */,
				8E396E212B828DDE00508791 /* CapturedRoom.Object+Equatable.swift in Sources */,
				8ED48FC72B602FB900EB643A /* View+AdaptiveNavigationTitle.swift in Sources */,
				8E9D35252B6E6D5800154078 /* CapturedObject.swift in Sources */,
				8EB7EDEE2B66A3130049E709 /* ColorHelper.swift in Sources */,
				8E9D352C2B6EDCBC00154078 /* ReconstructionPrimaryView.swift in Sources */,
				8E53A3F32B77F6E900A92BDB /* CircularEmojiSelectionView.swift in Sources */,
				8EDB6FA72B867D8A000E6858 /* CapturedRoom.Object.Category+getName.swift in Sources */,
				8E5528542B5D9A1A00EEBCCB /* MetaInfoView.swift in Sources */,
				8ED1EB7E2B681028003377CA /* CurtainEffect.swift in Sources */,
				8E9D35412B6FB64400154078 /* CubicObjectCaptureView.swift in Sources */,
				8E9D35152B6E31FC00154078 /* ObjectCaptureDataModel+State.swift in Sources */,
				8E53A3F12B77E86200A92BDB /* CircularIconSelectionView.swift in Sources */,
				8E22690A2B654EEA007F0C89 /* PatternDesignView.swift in Sources */,
				8E9D35452B6FB7B100154078 /* CaptureOverlayView+Buttons.swift in Sources */,
				8ED633782B7FD6EA000113E2 /* MetaGridView.swift in Sources */,
				8E9D35332B6EDF9A00154078 /* CapturedObjectARQuickLookRepresentable.swift in Sources */,
				8E9D350F2B6E2FDD00154078 /* FeedbackMessages.swift in Sources */,
				8ED065042B8549B500B1224F /* ActivityViewControllerRepresentable.swift in Sources */,
				8ED1EB7C2B680F95003377CA /* Clamp.swift in Sources */,
				8E396E162B82881400508791 /* SpaceScanView.swift in Sources */,
				8E9D35292B6ED4D000154078 /* CaptureViewModel.swift in Sources */,
				8ED633742B7FADC3000113E2 /* SingleItemDetailView.swift in Sources */,
				8E4BDAF12B7D2F51003471B2 /* ListButtonStyle.swift in Sources */,
				8EA525312B76BDE40085C9B0 /* SymbolView.swift in Sources */,
				8EDDFEB52B74C2F90009A290 /* SymbolView+Design.swift in Sources */,
				8E88ACFE2B5C4CE5003BDB04 /* OrganizeApp.swift in Sources */,
				8E11CFC32B6449F3000E13B0 /* WaveShader.metal in Sources */,
				8E9D35272B6ECD6000154078 /* OrganizationView.swift in Sources */,
				8ED48FC02B5DACF900EB643A /* AppViewModel.swift in Sources */,
				8E22690F2B655906007F0C89 /* AuroraView.swift in Sources */,
				8E7FAC2D2B87B53E004FE8F0 /* StorageListView.swift in Sources */,
				8EF034442B61A8F100A15340 /* DetailsView.swift in Sources */,
				8E8452632B6690A2005CA22D /* GetRandomDesign.swift in Sources */,
				8E97DEBB2B77DFD60007A9BA /* IconSelectionGridView.swift in Sources */,
				8E9D35432B6FB72300154078 /* CaptureOverlayView.swift in Sources */,
				8E9D355E2B6FE0A800154078 /* String+inText.swift in Sources */,
				8E9D35192B6E337300154078 /* TimedMessageList.swift in Sources */,
				8E2269112B657BEB007F0C89 /* AuroraStyles.swift in Sources */,
				8ECBDC412B605BDF00CCF70F /* Meta.swift in Sources */,
				8E88AD132B5C6447003BDB04 /* SpaceView.swift in Sources */,
				8E8452612B66906B005CA22D /* GradientEffect.swift in Sources */,
				8E9D354E2B6FBC3A00154078 /* ObjectCaptureOnboardingView.swift in Sources */,
				8E9D351D2B6E38AE00154078 /* ModelDirectory.swift in Sources */,
				8E53A3F52B77FC9A00A92BDB /* PatternSelectionView.swift in Sources */,
				8EDDFEBC2B74C8FA0009A290 /* ShapeIconView+Design.swift in Sources */,
				8E396E252B82966500508791 /* RoomCaptureRepresentableView.swift in Sources */,
				8E9D35392B6EE2BC00154078 /* TitleView.swift in Sources */,
				8ED633712B7FA80A000113E2 /* ItemView.swift in Sources */,
				8E9D35372B6EE22900154078 /* ProcessingStage+String.swift in Sources */,
				8E9D353B2B6EE52000154078 /* ProgressView.swift in Sources */,
				8E9D350B2B6E2EE500154078 /* CaptureFolderManager.swift in Sources */,
				8E88AD152B5D7395003BDB04 /* StorageView.swift in Sources */,
				8E396E1D2B828A9D00508791 /* SpaceScanViewModel.swift in Sources */,
				8ED48FC42B6028CA00EB643A /* View+If.swift in Sources */,
				8E91F4052B75483100127170 /* PatternCardView.swift in Sources */,
				8E5528522B5D925B00EEBCCB /* SideBarView.swift in Sources */,
				8ED1EB762B680385003377CA /* CurtainStack.swift in Sources */,
				8E5528582B5D9AB900EEBCCB /* MetaPrimitiveView.swift in Sources */,
				8E9D355C2B6FC04F00154078 /* FeedbackView.swift in Sources */,
				8E9D35522B6FBDA200154078 /* OnboardingTutorialView+LocalizedString.swift in Sources */,
				8E9D35302B6EDF1500154078 /* CapturedObjectARQuickLookView.swift in Sources */,
				8ED1EB742B68031E003377CA /* Curtain.metal in Sources */,
				8E9D353E2B6FB5A000154078 /* CircularProgressView.swift in Sources */,
				8E6CD0882B77946100BF1A18 /* ColorSelectionGridView.swift in Sources */,
				8E97DEB72B77D1800007A9BA /* Float+isApproximateEqual.swift in Sources */,
				8E8FC6C92B77BC6D0038E9B0 /* CircularColorSelectionView.swift in Sources */,
				8E9D35502B6FBCF100154078 /* OnboardingTutorialView.swift in Sources */,
				8E9D350D2B6E2F3E00154078 /* ShotFileInfo.swift in Sources */,
			);
			runOnlyForDeploymentPostprocessing = 0;
		};
/* End PBXSourcesBuildPhase section */

/* Begin XCBuildConfiguration section */
		8E88AD082B5C4CE7003BDB04 /* Debug */ = {
			isa = XCBuildConfiguration;
			buildSettings = {
				ALWAYS_SEARCH_USER_PATHS = NO;
				ASSETCATALOG_COMPILER_GENERATE_SWIFT_ASSET_SYMBOL_EXTENSIONS = YES;
				CLANG_ANALYZER_NONNULL = YES;
				CLANG_ANALYZER_NUMBER_OBJECT_CONVERSION = YES_AGGRESSIVE;
				CLANG_CXX_LANGUAGE_STANDARD = "gnu++20";
				CLANG_ENABLE_MODULES = YES;
				CLANG_ENABLE_OBJC_ARC = YES;
				CLANG_ENABLE_OBJC_WEAK = YES;
				CLANG_WARN_BLOCK_CAPTURE_AUTORELEASING = YES;
				CLANG_WARN_BOOL_CONVERSION = YES;
				CLANG_WARN_COMMA = YES;
				CLANG_WARN_CONSTANT_CONVERSION = YES;
				CLANG_WARN_DEPRECATED_OBJC_IMPLEMENTATIONS = YES;
				CLANG_WARN_DIRECT_OBJC_ISA_USAGE = YES_ERROR;
				CLANG_WARN_DOCUMENTATION_COMMENTS = YES;
				CLANG_WARN_EMPTY_BODY = YES;
				CLANG_WARN_ENUM_CONVERSION = YES;
				CLANG_WARN_INFINITE_RECURSION = YES;
				CLANG_WARN_INT_CONVERSION = YES;
				CLANG_WARN_NON_LITERAL_NULL_CONVERSION = YES;
				CLANG_WARN_OBJC_IMPLICIT_RETAIN_SELF = YES;
				CLANG_WARN_OBJC_LITERAL_CONVERSION = YES;
				CLANG_WARN_OBJC_ROOT_CLASS = YES_ERROR;
				CLANG_WARN_QUOTED_INCLUDE_IN_FRAMEWORK_HEADER = YES;
				CLANG_WARN_RANGE_LOOP_ANALYSIS = YES;
				CLANG_WARN_STRICT_PROTOTYPES = YES;
				CLANG_WARN_SUSPICIOUS_MOVE = YES;
				CLANG_WARN_UNGUARDED_AVAILABILITY = YES_AGGRESSIVE;
				CLANG_WARN_UNREACHABLE_CODE = YES;
				CLANG_WARN__DUPLICATE_METHOD_MATCH = YES;
				COPY_PHASE_STRIP = NO;
				DEBUG_INFORMATION_FORMAT = dwarf;
				ENABLE_STRICT_OBJC_MSGSEND = YES;
				ENABLE_TESTABILITY = YES;
				ENABLE_USER_SCRIPT_SANDBOXING = YES;
				GCC_C_LANGUAGE_STANDARD = gnu17;
				GCC_DYNAMIC_NO_PIC = NO;
				GCC_NO_COMMON_BLOCKS = YES;
				GCC_OPTIMIZATION_LEVEL = 0;
				GCC_PREPROCESSOR_DEFINITIONS = (
					"DEBUG=1",
					"$(inherited)",
				);
				GCC_WARN_64_TO_32_BIT_CONVERSION = YES;
				GCC_WARN_ABOUT_RETURN_TYPE = YES_ERROR;
				GCC_WARN_UNDECLARED_SELECTOR = YES;
				GCC_WARN_UNINITIALIZED_AUTOS = YES_AGGRESSIVE;
				GCC_WARN_UNUSED_FUNCTION = YES;
				GCC_WARN_UNUSED_VARIABLE = YES;
				IPHONEOS_DEPLOYMENT_TARGET = 17.2;
				LOCALIZATION_PREFERS_STRING_CATALOGS = YES;
				MTL_ENABLE_DEBUG_INFO = INCLUDE_SOURCE;
				MTL_FAST_MATH = YES;
				ONLY_ACTIVE_ARCH = YES;
				SDKROOT = iphoneos;
				SWIFT_ACTIVE_COMPILATION_CONDITIONS = "DEBUG $(inherited)";
				SWIFT_OPTIMIZATION_LEVEL = "-Onone";
			};
			name = Debug;
		};
		8E88AD092B5C4CE7003BDB04 /* Release */ = {
			isa = XCBuildConfiguration;
			buildSettings = {
				ALWAYS_SEARCH_USER_PATHS = NO;
				ASSETCATALOG_COMPILER_GENERATE_SWIFT_ASSET_SYMBOL_EXTENSIONS = YES;
				CLANG_ANALYZER_NONNULL = YES;
				CLANG_ANALYZER_NUMBER_OBJECT_CONVERSION = YES_AGGRESSIVE;
				CLANG_CXX_LANGUAGE_STANDARD = "gnu++20";
				CLANG_ENABLE_MODULES = YES;
				CLANG_ENABLE_OBJC_ARC = YES;
				CLANG_ENABLE_OBJC_WEAK = YES;
				CLANG_WARN_BLOCK_CAPTURE_AUTORELEASING = YES;
				CLANG_WARN_BOOL_CONVERSION = YES;
				CLANG_WARN_COMMA = YES;
				CLANG_WARN_CONSTANT_CONVERSION = YES;
				CLANG_WARN_DEPRECATED_OBJC_IMPLEMENTATIONS = YES;
				CLANG_WARN_DIRECT_OBJC_ISA_USAGE = YES_ERROR;
				CLANG_WARN_DOCUMENTATION_COMMENTS = YES;
				CLANG_WARN_EMPTY_BODY = YES;
				CLANG_WARN_ENUM_CONVERSION = YES;
				CLANG_WARN_INFINITE_RECURSION = YES;
				CLANG_WARN_INT_CONVERSION = YES;
				CLANG_WARN_NON_LITERAL_NULL_CONVERSION = YES;
				CLANG_WARN_OBJC_IMPLICIT_RETAIN_SELF = YES;
				CLANG_WARN_OBJC_LITERAL_CONVERSION = YES;
				CLANG_WARN_OBJC_ROOT_CLASS = YES_ERROR;
				CLANG_WARN_QUOTED_INCLUDE_IN_FRAMEWORK_HEADER = YES;
				CLANG_WARN_RANGE_LOOP_ANALYSIS = YES;
				CLANG_WARN_STRICT_PROTOTYPES = YES;
				CLANG_WARN_SUSPICIOUS_MOVE = YES;
				CLANG_WARN_UNGUARDED_AVAILABILITY = YES_AGGRESSIVE;
				CLANG_WARN_UNREACHABLE_CODE = YES;
				CLANG_WARN__DUPLICATE_METHOD_MATCH = YES;
				COPY_PHASE_STRIP = NO;
				DEBUG_INFORMATION_FORMAT = "dwarf-with-dsym";
				ENABLE_NS_ASSERTIONS = NO;
				ENABLE_STRICT_OBJC_MSGSEND = YES;
				ENABLE_USER_SCRIPT_SANDBOXING = YES;
				GCC_C_LANGUAGE_STANDARD = gnu17;
				GCC_NO_COMMON_BLOCKS = YES;
				GCC_WARN_64_TO_32_BIT_CONVERSION = YES;
				GCC_WARN_ABOUT_RETURN_TYPE = YES_ERROR;
				GCC_WARN_UNDECLARED_SELECTOR = YES;
				GCC_WARN_UNINITIALIZED_AUTOS = YES_AGGRESSIVE;
				GCC_WARN_UNUSED_FUNCTION = YES;
				GCC_WARN_UNUSED_VARIABLE = YES;
				IPHONEOS_DEPLOYMENT_TARGET = 17.2;
				LOCALIZATION_PREFERS_STRING_CATALOGS = YES;
				MTL_ENABLE_DEBUG_INFO = NO;
				MTL_FAST_MATH = YES;
				SDKROOT = iphoneos;
				SWIFT_COMPILATION_MODE = wholemodule;
				VALIDATE_PRODUCT = YES;
			};
			name = Release;
		};
		8E88AD0B2B5C4CE7003BDB04 /* Debug */ = {
			isa = XCBuildConfiguration;
			buildSettings = {
				ASSETCATALOG_COMPILER_APPICON_NAME = AppIcon;
				ASSETCATALOG_COMPILER_GLOBAL_ACCENT_COLOR_NAME = AccentColor;
				CODE_SIGN_STYLE = Automatic;
				CURRENT_PROJECT_VERSION = 1;
				DEVELOPMENT_ASSET_PATHS = "\"Organize/Preview Content\"";
				DEVELOPMENT_TEAM = 52JMW2697M;
				ENABLE_PREVIEWS = YES;
				GENERATE_INFOPLIST_FILE = YES;
				INFOPLIST_FILE = Organize/Info.plist;
				INFOPLIST_KEY_LSSupportsOpeningDocumentsInPlace = YES;
				INFOPLIST_KEY_NSCameraUsageDescription = "This app uses the camera to help you capture objects and rooms.";
				INFOPLIST_KEY_UIApplicationSceneManifest_Generation = YES;
				INFOPLIST_KEY_UIApplicationSupportsIndirectInputEvents = YES;
				INFOPLIST_KEY_UILaunchScreen_Generation = YES;
				INFOPLIST_KEY_UISupportedInterfaceOrientations_iPad = "UIInterfaceOrientationPortrait UIInterfaceOrientationPortraitUpsideDown UIInterfaceOrientationLandscapeLeft UIInterfaceOrientationLandscapeRight";
				INFOPLIST_KEY_UISupportedInterfaceOrientations_iPhone = "UIInterfaceOrientationPortrait UIInterfaceOrientationLandscapeLeft UIInterfaceOrientationLandscapeRight";
				IPHONEOS_DEPLOYMENT_TARGET = 17.1;
				LD_RUNPATH_SEARCH_PATHS = (
					"$(inherited)",
					"@executable_path/Frameworks",
				);
				MARKETING_VERSION = 1.0;
				PRODUCT_BUNDLE_IDENTIFIER = app.chenyuhao.organize;
				PRODUCT_NAME = "$(TARGET_NAME)";
				SWIFT_EMIT_LOC_STRINGS = YES;
				SWIFT_VERSION = 5.0;
				TARGETED_DEVICE_FAMILY = "1,2";
			};
			name = Debug;
		};
		8E88AD0C2B5C4CE7003BDB04 /* Release */ = {
			isa = XCBuildConfiguration;
			buildSettings = {
				ASSETCATALOG_COMPILER_APPICON_NAME = AppIcon;
				ASSETCATALOG_COMPILER_GLOBAL_ACCENT_COLOR_NAME = AccentColor;
				CODE_SIGN_STYLE = Automatic;
				CURRENT_PROJECT_VERSION = 1;
				DEVELOPMENT_ASSET_PATHS = "\"Organize/Preview Content\"";
				DEVELOPMENT_TEAM = 52JMW2697M;
				ENABLE_PREVIEWS = YES;
				GENERATE_INFOPLIST_FILE = YES;
				INFOPLIST_FILE = Organize/Info.plist;
				INFOPLIST_KEY_LSSupportsOpeningDocumentsInPlace = YES;
				INFOPLIST_KEY_NSCameraUsageDescription = "This app uses the camera to help you capture objects and rooms.";
				INFOPLIST_KEY_UIApplicationSceneManifest_Generation = YES;
				INFOPLIST_KEY_UIApplicationSupportsIndirectInputEvents = YES;
				INFOPLIST_KEY_UILaunchScreen_Generation = YES;
				INFOPLIST_KEY_UISupportedInterfaceOrientations_iPad = "UIInterfaceOrientationPortrait UIInterfaceOrientationPortraitUpsideDown UIInterfaceOrientationLandscapeLeft UIInterfaceOrientationLandscapeRight";
				INFOPLIST_KEY_UISupportedInterfaceOrientations_iPhone = "UIInterfaceOrientationPortrait UIInterfaceOrientationLandscapeLeft UIInterfaceOrientationLandscapeRight";
				IPHONEOS_DEPLOYMENT_TARGET = 17.1;
				LD_RUNPATH_SEARCH_PATHS = (
					"$(inherited)",
					"@executable_path/Frameworks",
				);
				MARKETING_VERSION = 1.0;
				PRODUCT_BUNDLE_IDENTIFIER = app.chenyuhao.organize;
				PRODUCT_NAME = "$(TARGET_NAME)";
				SWIFT_EMIT_LOC_STRINGS = YES;
				SWIFT_VERSION = 5.0;
				TARGETED_DEVICE_FAMILY = "1,2";
			};
			name = Release;
		};
/* End XCBuildConfiguration section */

/* Begin XCConfigurationList section */
		8E88ACF52B5C4CE5003BDB04 /* Build configuration list for PBXProject "Organize" */ = {
			isa = XCConfigurationList;
			buildConfigurations = (
				8E88AD082B5C4CE7003BDB04 /* Debug */,
				8E88AD092B5C4CE7003BDB04 /* Release */,
			);
			defaultConfigurationIsVisible = 0;
			defaultConfigurationName = Release;
		};
		8E88AD0A2B5C4CE7003BDB04 /* Build configuration list for PBXNativeTarget "Organize" */ = {
			isa = XCConfigurationList;
			buildConfigurations = (
				8E88AD0B2B5C4CE7003BDB04 /* Debug */,
				8E88AD0C2B5C4CE7003BDB04 /* Release */,
			);
			defaultConfigurationIsVisible = 0;
			defaultConfigurationName = Release;
		};
/* End XCConfigurationList section */
	};
	rootObject = 8E88ACF22B5C4CE5003BDB04 /* Project object */;
}
