// !$*UTF8*$!
{
	archiveVersion = 1;
	classes = {
	};
	objectVersion = 56;
	objects = {

/* Begin PBXBuildFile section */
		8E11CFC32B6449F3000E13B0 /* WaveShader.metal in Sources */ = {isa = PBXBuildFile; fileRef = 8E11CFC22B6449F3000E13B0 /* WaveShader.metal */; };
		8E22690A2B654EEA007F0C89 /* PatternDesignView.swift in Sources */ = {isa = PBXBuildFile; fileRef = 8E2269092B654EEA007F0C89 /* PatternDesignView.swift */; };
		8E22690D2B65529F007F0C89 /* PatternView.swift in Sources */ = {isa = PBXBuildFile; fileRef = 8E22690C2B65529F007F0C89 /* PatternView.swift */; };
		8E22690F2B655906007F0C89 /* AuroraView.swift in Sources */ = {isa = PBXBuildFile; fileRef = 8E22690E2B655905007F0C89 /* AuroraView.swift */; };
		8E2269112B657BEB007F0C89 /* AuroraStyles.swift in Sources */ = {isa = PBXBuildFile; fileRef = 8E2269102B657BEB007F0C89 /* AuroraStyles.swift */; };
		8E5528322B5D823300EEBCCB /* InformationLabelView.swift in Sources */ = {isa = PBXBuildFile; fileRef = 8E5528312B5D823300EEBCCB /* InformationLabelView.swift */; };
		8E5528522B5D925B00EEBCCB /* SideBarView.swift in Sources */ = {isa = PBXBuildFile; fileRef = 8E5528512B5D925B00EEBCCB /* SideBarView.swift */; };
		8E5528542B5D9A1A00EEBCCB /* MetaInfoView.swift in Sources */ = {isa = PBXBuildFile; fileRef = 8E5528532B5D9A1A00EEBCCB /* MetaInfoView.swift */; };
		8E5528582B5D9AB900EEBCCB /* MetaPrimitiveView.swift in Sources */ = {isa = PBXBuildFile; fileRef = 8E5528572B5D9AB900EEBCCB /* MetaPrimitiveView.swift */; };
		8E55285A2B5DA3CF00EEBCCB /* CaptureView.swift in Sources */ = {isa = PBXBuildFile; fileRef = 8E5528592B5DA3CF00EEBCCB /* CaptureView.swift */; };
		8E84525A2B663D84005CA22D /* PatternDesign.swift in Sources */ = {isa = PBXBuildFile; fileRef = 8E8452592B663D84005CA22D /* PatternDesign.swift */; };
		8E84525C2B664A85005CA22D /* Collection+randomElement.swift in Sources */ = {isa = PBXBuildFile; fileRef = 8E84525B2B664A85005CA22D /* Collection+randomElement.swift */; };
		8E84525F2B669047005CA22D /* OpacityStyle.swift in Sources */ = {isa = PBXBuildFile; fileRef = 8E84525E2B669047005CA22D /* OpacityStyle.swift */; };
		8E8452612B66906B005CA22D /* GradientEffect.swift in Sources */ = {isa = PBXBuildFile; fileRef = 8E8452602B66906B005CA22D /* GradientEffect.swift */; };
		8E8452632B6690A2005CA22D /* GetRandomDesign.swift in Sources */ = {isa = PBXBuildFile; fileRef = 8E8452622B6690A2005CA22D /* GetRandomDesign.swift */; };
		8E88ACFE2B5C4CE5003BDB04 /* OrganizeApp.swift in Sources */ = {isa = PBXBuildFile; fileRef = 8E88ACFD2B5C4CE5003BDB04 /* OrganizeApp.swift */; };
		8E88AD002B5C4CE5003BDB04 /* ContentView.swift in Sources */ = {isa = PBXBuildFile; fileRef = 8E88ACFF2B5C4CE5003BDB04 /* ContentView.swift */; };
		8E88AD022B5C4CE5003BDB04 /* Space.swift in Sources */ = {isa = PBXBuildFile; fileRef = 8E88AD012B5C4CE5003BDB04 /* Space.swift */; };
		8E88AD042B5C4CE7003BDB04 /* Assets.xcassets in Resources */ = {isa = PBXBuildFile; fileRef = 8E88AD032B5C4CE7003BDB04 /* Assets.xcassets */; };
		8E88AD072B5C4CE7003BDB04 /* Preview Assets.xcassets in Resources */ = {isa = PBXBuildFile; fileRef = 8E88AD062B5C4CE7003BDB04 /* Preview Assets.xcassets */; };
		8E88AD0F2B5C5C41003BDB04 /* Item.swift in Sources */ = {isa = PBXBuildFile; fileRef = 8E88AD0E2B5C5C41003BDB04 /* Item.swift */; };
		8E88AD112B5C5CEA003BDB04 /* Storage.swift in Sources */ = {isa = PBXBuildFile; fileRef = 8E88AD102B5C5CEA003BDB04 /* Storage.swift */; };
		8E88AD132B5C6447003BDB04 /* SpaceView.swift in Sources */ = {isa = PBXBuildFile; fileRef = 8E88AD122B5C6447003BDB04 /* SpaceView.swift */; };
		8E88AD152B5D7395003BDB04 /* StorageView.swift in Sources */ = {isa = PBXBuildFile; fileRef = 8E88AD142B5D7395003BDB04 /* StorageView.swift */; };
		8E8D092B2B6412B000AB088B /* Pattern.metal in Sources */ = {isa = PBXBuildFile; fileRef = 8E8D092A2B6412B000AB088B /* Pattern.metal */; };
		8E8D092E2B64162800AB088B /* Pattern.swift in Sources */ = {isa = PBXBuildFile; fileRef = 8E8D092D2B64162800AB088B /* Pattern.swift */; };
		8EB7EDEE2B66A3130049E709 /* ColorHelper.swift in Sources */ = {isa = PBXBuildFile; fileRef = 8EB7EDED2B66A3130049E709 /* ColorHelper.swift */; };
		8EB7EDF22B66D3130049E709 /* ColorComponents.swift in Sources */ = {isa = PBXBuildFile; fileRef = 8EB7EDF12B66D3130049E709 /* ColorComponents.swift */; };
		8ECBDC412B605BDF00CCF70F /* Meta.swift in Sources */ = {isa = PBXBuildFile; fileRef = 8ECBDC402B605BDF00CCF70F /* Meta.swift */; };
		8ED1EB742B68031E003377CA /* Curtain.metal in Sources */ = {isa = PBXBuildFile; fileRef = 8ED1EB732B68031E003377CA /* Curtain.metal */; };
		8ED1EB762B680385003377CA /* CurtainStack.swift in Sources */ = {isa = PBXBuildFile; fileRef = 8ED1EB752B680385003377CA /* CurtainStack.swift */; };
		8ED1EB782B68040C003377CA /* Shader+float2.swift in Sources */ = {isa = PBXBuildFile; fileRef = 8ED1EB772B68040C003377CA /* Shader+float2.swift */; };
		8ED1EB7C2B680F95003377CA /* Clamp.swift in Sources */ = {isa = PBXBuildFile; fileRef = 8ED1EB7B2B680F95003377CA /* Clamp.swift */; };
		8ED1EB7E2B681028003377CA /* CurtainEffect.swift in Sources */ = {isa = PBXBuildFile; fileRef = 8ED1EB7D2B681028003377CA /* CurtainEffect.swift */; };
		8ED48FC02B5DACF900EB643A /* AppViewModel.swift in Sources */ = {isa = PBXBuildFile; fileRef = 8ED48FBF2B5DACF900EB643A /* AppViewModel.swift */; };
		8ED48FC22B601A7000EB643A /* ContentColumnView.swift in Sources */ = {isa = PBXBuildFile; fileRef = 8ED48FC12B601A7000EB643A /* ContentColumnView.swift */; };
		8ED48FC42B6028CA00EB643A /* View+If.swift in Sources */ = {isa = PBXBuildFile; fileRef = 8ED48FC32B6028CA00EB643A /* View+If.swift */; };
		8ED48FC72B602FB900EB643A /* View+AdaptiveNavigationTitle.swift in Sources */ = {isa = PBXBuildFile; fileRef = 8ED48FC62B602FB900EB643A /* View+AdaptiveNavigationTitle.swift */; };
		8EF034442B61A8F100A15340 /* DetailsView.swift in Sources */ = {isa = PBXBuildFile; fileRef = 8EF034432B61A8F100A15340 /* DetailsView.swift */; };
/* End PBXBuildFile section */

/* Begin PBXFileReference section */
		8E11CFC22B6449F3000E13B0 /* WaveShader.metal */ = {isa = PBXFileReference; lastKnownFileType = sourcecode.metal; path = WaveShader.metal; sourceTree = "<group>"; };
		8E2269092B654EEA007F0C89 /* PatternDesignView.swift */ = {isa = PBXFileReference; lastKnownFileType = sourcecode.swift; path = PatternDesignView.swift; sourceTree = "<group>"; };
		8E22690C2B65529F007F0C89 /* PatternView.swift */ = {isa = PBXFileReference; lastKnownFileType = sourcecode.swift; path = PatternView.swift; sourceTree = "<group>"; };
		8E22690E2B655905007F0C89 /* AuroraView.swift */ = {isa = PBXFileReference; lastKnownFileType = sourcecode.swift; path = AuroraView.swift; sourceTree = "<group>"; };
		8E2269102B657BEB007F0C89 /* AuroraStyles.swift */ = {isa = PBXFileReference; lastKnownFileType = sourcecode.swift; path = AuroraStyles.swift; sourceTree = "<group>"; };
		8E5528312B5D823300EEBCCB /* InformationLabelView.swift */ = {isa = PBXFileReference; lastKnownFileType = sourcecode.swift; path = InformationLabelView.swift; sourceTree = "<group>"; };
		8E5528512B5D925B00EEBCCB /* SideBarView.swift */ = {isa = PBXFileReference; lastKnownFileType = sourcecode.swift; path = SideBarView.swift; sourceTree = "<group>"; };
		8E5528532B5D9A1A00EEBCCB /* MetaInfoView.swift */ = {isa = PBXFileReference; lastKnownFileType = sourcecode.swift; path = MetaInfoView.swift; sourceTree = "<group>"; };
		8E5528572B5D9AB900EEBCCB /* MetaPrimitiveView.swift */ = {isa = PBXFileReference; lastKnownFileType = sourcecode.swift; path = MetaPrimitiveView.swift; sourceTree = "<group>"; };
		8E5528592B5DA3CF00EEBCCB /* CaptureView.swift */ = {isa = PBXFileReference; lastKnownFileType = sourcecode.swift; path = CaptureView.swift; sourceTree = "<group>"; };
		8E8452592B663D84005CA22D /* PatternDesign.swift */ = {isa = PBXFileReference; lastKnownFileType = sourcecode.swift; path = PatternDesign.swift; sourceTree = "<group>"; };
		8E84525B2B664A85005CA22D /* Collection+randomElement.swift */ = {isa = PBXFileReference; lastKnownFileType = sourcecode.swift; path = "Collection+randomElement.swift"; sourceTree = "<group>"; };
		8E84525E2B669047005CA22D /* OpacityStyle.swift */ = {isa = PBXFileReference; lastKnownFileType = sourcecode.swift; path = OpacityStyle.swift; sourceTree = "<group>"; };
		8E8452602B66906B005CA22D /* GradientEffect.swift */ = {isa = PBXFileReference; lastKnownFileType = sourcecode.swift; path = GradientEffect.swift; sourceTree = "<group>"; };
		8E8452622B6690A2005CA22D /* GetRandomDesign.swift */ = {isa = PBXFileReference; lastKnownFileType = sourcecode.swift; path = GetRandomDesign.swift; sourceTree = "<group>"; };
		8E88ACFA2B5C4CE5003BDB04 /* Organize.app */ = {isa = PBXFileReference; explicitFileType = wrapper.application; includeInIndex = 0; path = Organize.app; sourceTree = BUILT_PRODUCTS_DIR; };
		8E88ACFD2B5C4CE5003BDB04 /* OrganizeApp.swift */ = {isa = PBXFileReference; lastKnownFileType = sourcecode.swift; path = OrganizeApp.swift; sourceTree = "<group>"; };
		8E88ACFF2B5C4CE5003BDB04 /* ContentView.swift */ = {isa = PBXFileReference; lastKnownFileType = sourcecode.swift; path = ContentView.swift; sourceTree = "<group>"; };
		8E88AD012B5C4CE5003BDB04 /* Space.swift */ = {isa = PBXFileReference; lastKnownFileType = sourcecode.swift; path = Space.swift; sourceTree = "<group>"; };
		8E88AD032B5C4CE7003BDB04 /* Assets.xcassets */ = {isa = PBXFileReference; lastKnownFileType = folder.assetcatalog; path = Assets.xcassets; sourceTree = "<group>"; };
		8E88AD062B5C4CE7003BDB04 /* Preview Assets.xcassets */ = {isa = PBXFileReference; lastKnownFileType = folder.assetcatalog; path = "Preview Assets.xcassets"; sourceTree = "<group>"; };
		8E88AD0E2B5C5C41003BDB04 /* Item.swift */ = {isa = PBXFileReference; lastKnownFileType = sourcecode.swift; path = Item.swift; sourceTree = "<group>"; };
		8E88AD102B5C5CEA003BDB04 /* Storage.swift */ = {isa = PBXFileReference; lastKnownFileType = sourcecode.swift; path = Storage.swift; sourceTree = "<group>"; };
		8E88AD122B5C6447003BDB04 /* SpaceView.swift */ = {isa = PBXFileReference; lastKnownFileType = sourcecode.swift; path = SpaceView.swift; sourceTree = "<group>"; };
		8E88AD142B5D7395003BDB04 /* StorageView.swift */ = {isa = PBXFileReference; lastKnownFileType = sourcecode.swift; path = StorageView.swift; sourceTree = "<group>"; };
		8E8D092A2B6412B000AB088B /* Pattern.metal */ = {isa = PBXFileReference; lastKnownFileType = sourcecode.metal; path = Pattern.metal; sourceTree = "<group>"; };
		8E8D092D2B64162800AB088B /* Pattern.swift */ = {isa = PBXFileReference; lastKnownFileType = sourcecode.swift; path = Pattern.swift; sourceTree = "<group>"; };
		8EB7EDED2B66A3130049E709 /* ColorHelper.swift */ = {isa = PBXFileReference; lastKnownFileType = sourcecode.swift; path = ColorHelper.swift; sourceTree = "<group>"; };
		8EB7EDF12B66D3130049E709 /* ColorComponents.swift */ = {isa = PBXFileReference; lastKnownFileType = sourcecode.swift; path = ColorComponents.swift; sourceTree = "<group>"; };
		8ECBDC402B605BDF00CCF70F /* Meta.swift */ = {isa = PBXFileReference; lastKnownFileType = sourcecode.swift; path = Meta.swift; sourceTree = "<group>"; };
		8ED1EB732B68031E003377CA /* Curtain.metal */ = {isa = PBXFileReference; lastKnownFileType = sourcecode.metal; path = Curtain.metal; sourceTree = "<group>"; };
		8ED1EB752B680385003377CA /* CurtainStack.swift */ = {isa = PBXFileReference; lastKnownFileType = sourcecode.swift; path = CurtainStack.swift; sourceTree = "<group>"; };
		8ED1EB772B68040C003377CA /* Shader+float2.swift */ = {isa = PBXFileReference; lastKnownFileType = sourcecode.swift; path = "Shader+float2.swift"; sourceTree = "<group>"; };
		8ED1EB7B2B680F95003377CA /* Clamp.swift */ = {isa = PBXFileReference; lastKnownFileType = sourcecode.swift; path = Clamp.swift; sourceTree = "<group>"; };
		8ED1EB7D2B681028003377CA /* CurtainEffect.swift */ = {isa = PBXFileReference; lastKnownFileType = sourcecode.swift; path = CurtainEffect.swift; sourceTree = "<group>"; };
		8ED48FBF2B5DACF900EB643A /* AppViewModel.swift */ = {isa = PBXFileReference; lastKnownFileType = sourcecode.swift; path = AppViewModel.swift; sourceTree = "<group>"; };
		8ED48FC12B601A7000EB643A /* ContentColumnView.swift */ = {isa = PBXFileReference; lastKnownFileType = sourcecode.swift; path = ContentColumnView.swift; sourceTree = "<group>"; };
		8ED48FC32B6028CA00EB643A /* View+If.swift */ = {isa = PBXFileReference; lastKnownFileType = sourcecode.swift; path = "View+If.swift"; sourceTree = "<group>"; };
		8ED48FC62B602FB900EB643A /* View+AdaptiveNavigationTitle.swift */ = {isa = PBXFileReference; lastKnownFileType = sourcecode.swift; path = "View+AdaptiveNavigationTitle.swift"; sourceTree = "<group>"; };
		8EF034432B61A8F100A15340 /* DetailsView.swift */ = {isa = PBXFileReference; lastKnownFileType = sourcecode.swift; path = DetailsView.swift; sourceTree = "<group>"; };
/* End PBXFileReference section */

/* Begin PBXFrameworksBuildPhase section */
		8E88ACF72B5C4CE5003BDB04 /* Frameworks */ = {
			isa = PBXFrameworksBuildPhase;
			buildActionMask = 2147483647;
			files = (
			);
			runOnlyForDeploymentPostprocessing = 0;
		};
/* End PBXFrameworksBuildPhase section */

/* Begin PBXGroup section */
		8E22690B2B655255007F0C89 /* PatternViews */ = {
			isa = PBXGroup;
			children = (
				8E2269092B654EEA007F0C89 /* PatternDesignView.swift */,
				8E22690E2B655905007F0C89 /* AuroraView.swift */,
				8E22690C2B65529F007F0C89 /* PatternView.swift */,
			);
			path = PatternViews;
			sourceTree = "<group>";
		};
		8E84525D2B66902D005CA22D /* PatternDesign */ = {
			isa = PBXGroup;
			children = (
				8E8452592B663D84005CA22D /* PatternDesign.swift */,
				8E84525E2B669047005CA22D /* OpacityStyle.swift */,
				8E8452602B66906B005CA22D /* GradientEffect.swift */,
				8E8452622B6690A2005CA22D /* GetRandomDesign.swift */,
			);
			path = PatternDesign;
			sourceTree = "<group>";
		};
		8E88ACF12B5C4CE5003BDB04 = {
			isa = PBXGroup;
			children = (
				8E88ACFC2B5C4CE5003BDB04 /* Organize */,
				8E88ACFB2B5C4CE5003BDB04 /* Products */,
			);
			sourceTree = "<group>";
		};
		8E88ACFB2B5C4CE5003BDB04 /* Products */ = {
			isa = PBXGroup;
			children = (
				8E88ACFA2B5C4CE5003BDB04 /* Organize.app */,
			);
			name = Products;
			sourceTree = "<group>";
		};
		8E88ACFC2B5C4CE5003BDB04 /* Organize */ = {
			isa = PBXGroup;
			children = (
				8E8D09222B640CFB00AB088B /* Shaders */,
				8E8D092C2B64161400AB088B /* Styles */,
				8ED48FC52B6028E800EB643A /* Extensions */,
				8EB7EDEC2B66A2EF0049E709 /* Helpers */,
				8E88AD0D2B5C5C22003BDB04 /* Models */,
				8EB9448F2B615A75005FBADC /* ViewModels */,
				8EB944902B615AE1005FBADC /* Views */,
				8E88ACFF2B5C4CE5003BDB04 /* ContentView.swift */,
				8E88ACFD2B5C4CE5003BDB04 /* OrganizeApp.swift */,
				8E88AD032B5C4CE7003BDB04 /* Assets.xcassets */,
				8E88AD052B5C4CE7003BDB04 /* Preview Content */,
			);
			path = Organize;
			sourceTree = "<group>";
		};
		8E88AD052B5C4CE7003BDB04 /* Preview Content */ = {
			isa = PBXGroup;
			children = (
				8E88AD062B5C4CE7003BDB04 /* Preview Assets.xcassets */,
			);
			path = "Preview Content";
			sourceTree = "<group>";
		};
		8E88AD0D2B5C5C22003BDB04 /* Models */ = {
			isa = PBXGroup;
			children = (
				8EF0343A2B61662B00A15340 /* SwiftData */,
				8ECBDC402B605BDF00CCF70F /* Meta.swift */,
			);
			path = Models;
			sourceTree = "<group>";
		};
		8E8D09222B640CFB00AB088B /* Shaders */ = {
			isa = PBXGroup;
			children = (
				8E8D092A2B6412B000AB088B /* Pattern.metal */,
				8E11CFC22B6449F3000E13B0 /* WaveShader.metal */,
				8ED1EB732B68031E003377CA /* Curtain.metal */,
			);
			path = Shaders;
			sourceTree = "<group>";
		};
		8E8D092C2B64161400AB088B /* Styles */ = {
			isa = PBXGroup;
			children = (
				8E84525D2B66902D005CA22D /* PatternDesign */,
				8E8D092D2B64162800AB088B /* Pattern.swift */,
				8E2269102B657BEB007F0C89 /* AuroraStyles.swift */,
				8ED1EB7D2B681028003377CA /* CurtainEffect.swift */,
			);
			path = Styles;
			sourceTree = "<group>";
		};
		8EB7EDEC2B66A2EF0049E709 /* Helpers */ = {
			isa = PBXGroup;
			children = (
				8EB7EDED2B66A3130049E709 /* ColorHelper.swift */,
				8ED1EB7B2B680F95003377CA /* Clamp.swift */,
				8EB7EDF12B66D3130049E709 /* ColorComponents.swift */,
			);
			path = Helpers;
			sourceTree = "<group>";
		};
		8EB9448F2B615A75005FBADC /* ViewModels */ = {
			isa = PBXGroup;
			children = (
				8ED48FBF2B5DACF900EB643A /* AppViewModel.swift */,
			);
			path = ViewModels;
			sourceTree = "<group>";
		};
		8EB944902B615AE1005FBADC /* Views */ = {
			isa = PBXGroup;
			children = (
				8ED1EB7F2B681047003377CA /* SubViews */,
				8E22690B2B655255007F0C89 /* PatternViews */,
				8EF034382B615B5F00A15340 /* CaptureTabViews */,
				8EF034372B615B3800A15340 /* StorageTabViews */,
			);
			path = Views;
			sourceTree = "<group>";
		};
		8ED1EB7F2B681047003377CA /* SubViews */ = {
			isa = PBXGroup;
			children = (
				8EF034412B6166E700A15340 /* MetaInfoViews */,
				8ED1EB752B680385003377CA /* CurtainStack.swift */,
			);
			path = SubViews;
			sourceTree = "<group>";
		};
		8ED48FC52B6028E800EB643A /* Extensions */ = {
			isa = PBXGroup;
			children = (
				8ED48FC32B6028CA00EB643A /* View+If.swift */,
				8ED48FC62B602FB900EB643A /* View+AdaptiveNavigationTitle.swift */,
				8E84525B2B664A85005CA22D /* Collection+randomElement.swift */,
				8ED1EB772B68040C003377CA /* Shader+float2.swift */,
			);
			path = Extensions;
			sourceTree = "<group>";
		};
		8EF034372B615B3800A15340 /* StorageTabViews */ = {
			isa = PBXGroup;
			children = (
				8EF034402B6166BA00A15340 /* NavigationColumns */,
			);
			path = StorageTabViews;
			sourceTree = "<group>";
		};
		8EF034382B615B5F00A15340 /* CaptureTabViews */ = {
			isa = PBXGroup;
			children = (
				8E5528592B5DA3CF00EEBCCB /* CaptureView.swift */,
			);
			path = CaptureTabViews;
			sourceTree = "<group>";
		};
		8EF0343A2B61662B00A15340 /* SwiftData */ = {
			isa = PBXGroup;
			children = (
				8E88AD012B5C4CE5003BDB04 /* Space.swift */,
				8E88AD102B5C5CEA003BDB04 /* Storage.swift */,
				8E88AD0E2B5C5C41003BDB04 /* Item.swift */,
			);
			path = SwiftData;
			sourceTree = "<group>";
		};
		8EF034402B6166BA00A15340 /* NavigationColumns */ = {
			isa = PBXGroup;
			children = (
				8EF034422B61670700A15340 /* DetailViews */,
				8EF034432B61A8F100A15340 /* DetailsView.swift */,
				8ED48FC12B601A7000EB643A /* ContentColumnView.swift */,
				8E5528512B5D925B00EEBCCB /* SideBarView.swift */,
			);
			path = NavigationColumns;
			sourceTree = "<group>";
		};
		8EF034412B6166E700A15340 /* MetaInfoViews */ = {
			isa = PBXGroup;
			children = (
				8E5528532B5D9A1A00EEBCCB /* MetaInfoView.swift */,
				8E5528572B5D9AB900EEBCCB /* MetaPrimitiveView.swift */,
				8E5528312B5D823300EEBCCB /* InformationLabelView.swift */,
			);
			path = MetaInfoViews;
			sourceTree = "<group>";
		};
		8EF034422B61670700A15340 /* DetailViews */ = {
			isa = PBXGroup;
			children = (
				8E88AD122B5C6447003BDB04 /* SpaceView.swift */,
				8E88AD142B5D7395003BDB04 /* StorageView.swift */,
			);
			path = DetailViews;
			sourceTree = "<group>";
		};
/* End PBXGroup section */

/* Begin PBXNativeTarget section */
		8E88ACF92B5C4CE5003BDB04 /* Organize */ = {
			isa = PBXNativeTarget;
			buildConfigurationList = 8E88AD0A2B5C4CE7003BDB04 /* Build configuration list for PBXNativeTarget "Organize" */;
			buildPhases = (
				8E88ACF62B5C4CE5003BDB04 /* Sources */,
				8E88ACF72B5C4CE5003BDB04 /* Frameworks */,
				8E88ACF82B5C4CE5003BDB04 /* Resources */,
			);
			buildRules = (
			);
			dependencies = (
			);
			name = Organize;
			productName = Storage;
			productReference = 8E88ACFA2B5C4CE5003BDB04 /* Organize.app */;
			productType = "com.apple.product-type.application";
		};
/* End PBXNativeTarget section */

/* Begin PBXProject section */
		8E88ACF22B5C4CE5003BDB04 /* Project object */ = {
			isa = PBXProject;
			attributes = {
				BuildIndependentTargetsInParallel = 1;
				LastSwiftUpdateCheck = 1510;
				LastUpgradeCheck = 1510;
				TargetAttributes = {
					8E88ACF92B5C4CE5003BDB04 = {
						CreatedOnToolsVersion = 15.1;
					};
				};
			};
			buildConfigurationList = 8E88ACF52B5C4CE5003BDB04 /* Build configuration list for PBXProject "Organize" */;
			compatibilityVersion = "Xcode 14.0";
			developmentRegion = en;
			hasScannedForEncodings = 0;
			knownRegions = (
				en,
				Base,
			);
			mainGroup = 8E88ACF12B5C4CE5003BDB04;
			productRefGroup = 8E88ACFB2B5C4CE5003BDB04 /* Products */;
			projectDirPath = "";
			projectRoot = "";
			targets = (
				8E88ACF92B5C4CE5003BDB04 /* Organize */,
			);
		};
/* End PBXProject section */

/* Begin PBXResourcesBuildPhase section */
		8E88ACF82B5C4CE5003BDB04 /* Resources */ = {
			isa = PBXResourcesBuildPhase;
			buildActionMask = 2147483647;
			files = (
				8E88AD072B5C4CE7003BDB04 /* Preview Assets.xcassets in Resources */,
				8E88AD042B5C4CE7003BDB04 /* Assets.xcassets in Resources */,
			);
			runOnlyForDeploymentPostprocessing = 0;
		};
/* End PBXResourcesBuildPhase section */

/* Begin PBXSourcesBuildPhase section */
		8E88ACF62B5C4CE5003BDB04 /* Sources */ = {
			isa = PBXSourcesBuildPhase;
			buildActionMask = 2147483647;
			files = (
				8E84525A2B663D84005CA22D /* PatternDesign.swift in Sources */,
				8E84525C2B664A85005CA22D /* Collection+randomElement.swift in Sources */,
				8E22690D2B65529F007F0C89 /* PatternView.swift in Sources */,
				8E84525F2B669047005CA22D /* OpacityStyle.swift in Sources */,
				8E5528322B5D823300EEBCCB /* InformationLabelView.swift in Sources */,
				8E88AD0F2B5C5C41003BDB04 /* Item.swift in Sources */,
				8E88AD002B5C4CE5003BDB04 /* ContentView.swift in Sources */,
				8EB7EDF22B66D3130049E709 /* ColorComponents.swift in Sources */,
				8ED48FC22B601A7000EB643A /* ContentColumnView.swift in Sources */,
				8E55285A2B5DA3CF00EEBCCB /* CaptureView.swift in Sources */,
				8E88AD022B5C4CE5003BDB04 /* Space.swift in Sources */,
				8E8D092E2B64162800AB088B /* Pattern.swift in Sources */,
				8E88AD112B5C5CEA003BDB04 /* Storage.swift in Sources */,
				8ED1EB782B68040C003377CA /* Shader+float2.swift in Sources */,
				8E8D092B2B6412B000AB088B /* Pattern.metal in Sources */,
				8ED48FC72B602FB900EB643A /* View+AdaptiveNavigationTitle.swift in Sources */,
				8EB7EDEE2B66A3130049E709 /* ColorHelper.swift in Sources */,
				8E5528542B5D9A1A00EEBCCB /* MetaInfoView.swift in Sources */,
				8ED1EB7E2B681028003377CA /* CurtainEffect.swift in Sources */,
				8E22690A2B654EEA007F0C89 /* PatternDesignView.swift in Sources */,
				8ED1EB7C2B680F95003377CA /* Clamp.swift in Sources */,
				8E88ACFE2B5C4CE5003BDB04 /* OrganizeApp.swift in Sources */,
				8E11CFC32B6449F3000E13B0 /* WaveShader.metal in Sources */,
				8ED48FC02B5DACF900EB643A /* AppViewModel.swift in Sources */,
				8E22690F2B655906007F0C89 /* AuroraView.swift in Sources */,
				8EF034442B61A8F100A15340 /* DetailsView.swift in Sources */,
				8E8452632B6690A2005CA22D /* GetRandomDesign.swift in Sources */,
				8E2269112B657BEB007F0C89 /* AuroraStyles.swift in Sources */,
				8ECBDC412B605BDF00CCF70F /* Meta.swift in Sources */,
				8E88AD132B5C6447003BDB04 /* SpaceView.swift in Sources */,
				8E8452612B66906B005CA22D /* GradientEffect.swift in Sources */,
				8E88AD152B5D7395003BDB04 /* StorageView.swift in Sources */,
				8ED48FC42B6028CA00EB643A /* View+If.swift in Sources */,
				8E5528522B5D925B00EEBCCB /* SideBarView.swift in Sources */,
				8ED1EB762B680385003377CA /* CurtainStack.swift in Sources */,
				8E5528582B5D9AB900EEBCCB /* MetaPrimitiveView.swift in Sources */,
				8ED1EB742B68031E003377CA /* Curtain.metal in Sources */,
			);
			runOnlyForDeploymentPostprocessing = 0;
		};
/* End PBXSourcesBuildPhase section */

/* Begin XCBuildConfiguration section */
		8E88AD082B5C4CE7003BDB04 /* Debug */ = {
			isa = XCBuildConfiguration;
			buildSettings = {
				ALWAYS_SEARCH_USER_PATHS = NO;
				ASSETCATALOG_COMPILER_GENERATE_SWIFT_ASSET_SYMBOL_EXTENSIONS = YES;
				CLANG_ANALYZER_NONNULL = YES;
				CLANG_ANALYZER_NUMBER_OBJECT_CONVERSION = YES_AGGRESSIVE;
				CLANG_CXX_LANGUAGE_STANDARD = "gnu++20";
				CLANG_ENABLE_MODULES = YES;
				CLANG_ENABLE_OBJC_ARC = YES;
				CLANG_ENABLE_OBJC_WEAK = YES;
				CLANG_WARN_BLOCK_CAPTURE_AUTORELEASING = YES;
				CLANG_WARN_BOOL_CONVERSION = YES;
				CLANG_WARN_COMMA = YES;
				CLANG_WARN_CONSTANT_CONVERSION = YES;
				CLANG_WARN_DEPRECATED_OBJC_IMPLEMENTATIONS = YES;
				CLANG_WARN_DIRECT_OBJC_ISA_USAGE = YES_ERROR;
				CLANG_WARN_DOCUMENTATION_COMMENTS = YES;
				CLANG_WARN_EMPTY_BODY = YES;
				CLANG_WARN_ENUM_CONVERSION = YES;
				CLANG_WARN_INFINITE_RECURSION = YES;
				CLANG_WARN_INT_CONVERSION = YES;
				CLANG_WARN_NON_LITERAL_NULL_CONVERSION = YES;
				CLANG_WARN_OBJC_IMPLICIT_RETAIN_SELF = YES;
				CLANG_WARN_OBJC_LITERAL_CONVERSION = YES;
				CLANG_WARN_OBJC_ROOT_CLASS = YES_ERROR;
				CLANG_WARN_QUOTED_INCLUDE_IN_FRAMEWORK_HEADER = YES;
				CLANG_WARN_RANGE_LOOP_ANALYSIS = YES;
				CLANG_WARN_STRICT_PROTOTYPES = YES;
				CLANG_WARN_SUSPICIOUS_MOVE = YES;
				CLANG_WARN_UNGUARDED_AVAILABILITY = YES_AGGRESSIVE;
				CLANG_WARN_UNREACHABLE_CODE = YES;
				CLANG_WARN__DUPLICATE_METHOD_MATCH = YES;
				COPY_PHASE_STRIP = NO;
				DEBUG_INFORMATION_FORMAT = dwarf;
				ENABLE_STRICT_OBJC_MSGSEND = YES;
				ENABLE_TESTABILITY = YES;
				ENABLE_USER_SCRIPT_SANDBOXING = YES;
				GCC_C_LANGUAGE_STANDARD = gnu17;
				GCC_DYNAMIC_NO_PIC = NO;
				GCC_NO_COMMON_BLOCKS = YES;
				GCC_OPTIMIZATION_LEVEL = 0;
				GCC_PREPROCESSOR_DEFINITIONS = (
					"DEBUG=1",
					"$(inherited)",
				);
				GCC_WARN_64_TO_32_BIT_CONVERSION = YES;
				GCC_WARN_ABOUT_RETURN_TYPE = YES_ERROR;
				GCC_WARN_UNDECLARED_SELECTOR = YES;
				GCC_WARN_UNINITIALIZED_AUTOS = YES_AGGRESSIVE;
				GCC_WARN_UNUSED_FUNCTION = YES;
				GCC_WARN_UNUSED_VARIABLE = YES;
				IPHONEOS_DEPLOYMENT_TARGET = 17.2;
				LOCALIZATION_PREFERS_STRING_CATALOGS = YES;
				MTL_ENABLE_DEBUG_INFO = INCLUDE_SOURCE;
				MTL_FAST_MATH = YES;
				ONLY_ACTIVE_ARCH = YES;
				SDKROOT = iphoneos;
				SWIFT_ACTIVE_COMPILATION_CONDITIONS = "DEBUG $(inherited)";
				SWIFT_OPTIMIZATION_LEVEL = "-Onone";
			};
			name = Debug;
		};
		8E88AD092B5C4CE7003BDB04 /* Release */ = {
			isa = XCBuildConfiguration;
			buildSettings = {
				ALWAYS_SEARCH_USER_PATHS = NO;
				ASSETCATALOG_COMPILER_GENERATE_SWIFT_ASSET_SYMBOL_EXTENSIONS = YES;
				CLANG_ANALYZER_NONNULL = YES;
				CLANG_ANALYZER_NUMBER_OBJECT_CONVERSION = YES_AGGRESSIVE;
				CLANG_CXX_LANGUAGE_STANDARD = "gnu++20";
				CLANG_ENABLE_MODULES = YES;
				CLANG_ENABLE_OBJC_ARC = YES;
				CLANG_ENABLE_OBJC_WEAK = YES;
				CLANG_WARN_BLOCK_CAPTURE_AUTORELEASING = YES;
				CLANG_WARN_BOOL_CONVERSION = YES;
				CLANG_WARN_COMMA = YES;
				CLANG_WARN_CONSTANT_CONVERSION = YES;
				CLANG_WARN_DEPRECATED_OBJC_IMPLEMENTATIONS = YES;
				CLANG_WARN_DIRECT_OBJC_ISA_USAGE = YES_ERROR;
				CLANG_WARN_DOCUMENTATION_COMMENTS = YES;
				CLANG_WARN_EMPTY_BODY = YES;
				CLANG_WARN_ENUM_CONVERSION = YES;
				CLANG_WARN_INFINITE_RECURSION = YES;
				CLANG_WARN_INT_CONVERSION = YES;
				CLANG_WARN_NON_LITERAL_NULL_CONVERSION = YES;
				CLANG_WARN_OBJC_IMPLICIT_RETAIN_SELF = YES;
				CLANG_WARN_OBJC_LITERAL_CONVERSION = YES;
				CLANG_WARN_OBJC_ROOT_CLASS = YES_ERROR;
				CLANG_WARN_QUOTED_INCLUDE_IN_FRAMEWORK_HEADER = YES;
				CLANG_WARN_RANGE_LOOP_ANALYSIS = YES;
				CLANG_WARN_STRICT_PROTOTYPES = YES;
				CLANG_WARN_SUSPICIOUS_MOVE = YES;
				CLANG_WARN_UNGUARDED_AVAILABILITY = YES_AGGRESSIVE;
				CLANG_WARN_UNREACHABLE_CODE = YES;
				CLANG_WARN__DUPLICATE_METHOD_MATCH = YES;
				COPY_PHASE_STRIP = NO;
				DEBUG_INFORMATION_FORMAT = "dwarf-with-dsym";
				ENABLE_NS_ASSERTIONS = NO;
				ENABLE_STRICT_OBJC_MSGSEND = YES;
				ENABLE_USER_SCRIPT_SANDBOXING = YES;
				GCC_C_LANGUAGE_STANDARD = gnu17;
				GCC_NO_COMMON_BLOCKS = YES;
				GCC_WARN_64_TO_32_BIT_CONVERSION = YES;
				GCC_WARN_ABOUT_RETURN_TYPE = YES_ERROR;
				GCC_WARN_UNDECLARED_SELECTOR = YES;
				GCC_WARN_UNINITIALIZED_AUTOS = YES_AGGRESSIVE;
				GCC_WARN_UNUSED_FUNCTION = YES;
				GCC_WARN_UNUSED_VARIABLE = YES;
				IPHONEOS_DEPLOYMENT_TARGET = 17.2;
				LOCALIZATION_PREFERS_STRING_CATALOGS = YES;
				MTL_ENABLE_DEBUG_INFO = NO;
				MTL_FAST_MATH = YES;
				SDKROOT = iphoneos;
				SWIFT_COMPILATION_MODE = wholemodule;
				VALIDATE_PRODUCT = YES;
			};
			name = Release;
		};
		8E88AD0B2B5C4CE7003BDB04 /* Debug */ = {
			isa = XCBuildConfiguration;
			buildSettings = {
				ASSETCATALOG_COMPILER_APPICON_NAME = AppIcon;
				ASSETCATALOG_COMPILER_GLOBAL_ACCENT_COLOR_NAME = AccentColor;
				CODE_SIGN_STYLE = Automatic;
				CURRENT_PROJECT_VERSION = 1;
				DEVELOPMENT_ASSET_PATHS = "\"Organize/Preview Content\"";
				DEVELOPMENT_TEAM = 52JMW2697M;
				ENABLE_PREVIEWS = YES;
				GENERATE_INFOPLIST_FILE = YES;
				INFOPLIST_KEY_UIApplicationSceneManifest_Generation = YES;
				INFOPLIST_KEY_UIApplicationSupportsIndirectInputEvents = YES;
				INFOPLIST_KEY_UILaunchScreen_Generation = YES;
				INFOPLIST_KEY_UISupportedInterfaceOrientations_iPad = "UIInterfaceOrientationPortrait UIInterfaceOrientationPortraitUpsideDown UIInterfaceOrientationLandscapeLeft UIInterfaceOrientationLandscapeRight";
				INFOPLIST_KEY_UISupportedInterfaceOrientations_iPhone = "UIInterfaceOrientationPortrait UIInterfaceOrientationLandscapeLeft UIInterfaceOrientationLandscapeRight";
				IPHONEOS_DEPLOYMENT_TARGET = 17.1;
				LD_RUNPATH_SEARCH_PATHS = (
					"$(inherited)",
					"@executable_path/Frameworks",
				);
				MARKETING_VERSION = 1.0;
				PRODUCT_BUNDLE_IDENTIFIER = app.chenyuhao.organize;
				PRODUCT_NAME = "$(TARGET_NAME)";
				SWIFT_EMIT_LOC_STRINGS = YES;
				SWIFT_VERSION = 5.0;
				TARGETED_DEVICE_FAMILY = "1,2";
			};
			name = Debug;
		};
		8E88AD0C2B5C4CE7003BDB04 /* Release */ = {
			isa = XCBuildConfiguration;
			buildSettings = {
				ASSETCATALOG_COMPILER_APPICON_NAME = AppIcon;
				ASSETCATALOG_COMPILER_GLOBAL_ACCENT_COLOR_NAME = AccentColor;
				CODE_SIGN_STYLE = Automatic;
				CURRENT_PROJECT_VERSION = 1;
				DEVELOPMENT_ASSET_PATHS = "\"Organize/Preview Content\"";
				DEVELOPMENT_TEAM = 52JMW2697M;
				ENABLE_PREVIEWS = YES;
				GENERATE_INFOPLIST_FILE = YES;
				INFOPLIST_KEY_UIApplicationSceneManifest_Generation = YES;
				INFOPLIST_KEY_UIApplicationSupportsIndirectInputEvents = YES;
				INFOPLIST_KEY_UILaunchScreen_Generation = YES;
				INFOPLIST_KEY_UISupportedInterfaceOrientations_iPad = "UIInterfaceOrientationPortrait UIInterfaceOrientationPortraitUpsideDown UIInterfaceOrientationLandscapeLeft UIInterfaceOrientationLandscapeRight";
				INFOPLIST_KEY_UISupportedInterfaceOrientations_iPhone = "UIInterfaceOrientationPortrait UIInterfaceOrientationLandscapeLeft UIInterfaceOrientationLandscapeRight";
				IPHONEOS_DEPLOYMENT_TARGET = 17.1;
				LD_RUNPATH_SEARCH_PATHS = (
					"$(inherited)",
					"@executable_path/Frameworks",
				);
				MARKETING_VERSION = 1.0;
				PRODUCT_BUNDLE_IDENTIFIER = app.chenyuhao.organize;
				PRODUCT_NAME = "$(TARGET_NAME)";
				SWIFT_EMIT_LOC_STRINGS = YES;
				SWIFT_VERSION = 5.0;
				TARGETED_DEVICE_FAMILY = "1,2";
			};
			name = Release;
		};
/* End XCBuildConfiguration section */

/* Begin XCConfigurationList section */
		8E88ACF52B5C4CE5003BDB04 /* Build configuration list for PBXProject "Organize" */ = {
			isa = XCConfigurationList;
			buildConfigurations = (
				8E88AD082B5C4CE7003BDB04 /* Debug */,
				8E88AD092B5C4CE7003BDB04 /* Release */,
			);
			defaultConfigurationIsVisible = 0;
			defaultConfigurationName = Release;
		};
		8E88AD0A2B5C4CE7003BDB04 /* Build configuration list for PBXNativeTarget "Organize" */ = {
			isa = XCConfigurationList;
			buildConfigurations = (
				8E88AD0B2B5C4CE7003BDB04 /* Debug */,
				8E88AD0C2B5C4CE7003BDB04 /* Release */,
			);
			defaultConfigurationIsVisible = 0;
			defaultConfigurationName = Release;
		};
/* End XCConfigurationList section */
	};
	rootObject = 8E88ACF22B5C4CE5003BDB04 /* Project object */;
}
