// !$*UTF8*$!
{
	archiveVersion = 1;
	classes = {
	};
	objectVersion = 56;
	objects = {

/* Begin PBXBuildFile section */
		8E5528302B5D81C900EEBCCB /* StorageInfoView.swift in Sources */ = {isa = PBXBuildFile; fileRef = 8E55282F2B5D81C900EEBCCB /* StorageInfoView.swift */; };
		8E5528322B5D823300EEBCCB /* InformationLabelView.swift in Sources */ = {isa = PBXBuildFile; fileRef = 8E5528312B5D823300EEBCCB /* InformationLabelView.swift */; };
		8E5528522B5D925B00EEBCCB /* SpaceListView.swift in Sources */ = {isa = PBXBuildFile; fileRef = 8E5528512B5D925B00EEBCCB /* SpaceListView.swift */; };
		8E88ACFE2B5C4CE5003BDB04 /* StorageApp.swift in Sources */ = {isa = PBXBuildFile; fileRef = 8E88ACFD2B5C4CE5003BDB04 /* StorageApp.swift */; };
		8E88AD002B5C4CE5003BDB04 /* ContentView.swift in Sources */ = {isa = PBXBuildFile; fileRef = 8E88ACFF2B5C4CE5003BDB04 /* ContentView.swift */; };
		8E88AD022B5C4CE5003BDB04 /* Space.swift in Sources */ = {isa = PBXBuildFile; fileRef = 8E88AD012B5C4CE5003BDB04 /* Space.swift */; };
		8E88AD042B5C4CE7003BDB04 /* Assets.xcassets in Resources */ = {isa = PBXBuildFile; fileRef = 8E88AD032B5C4CE7003BDB04 /* Assets.xcassets */; };
		8E88AD072B5C4CE7003BDB04 /* Preview Assets.xcassets in Resources */ = {isa = PBXBuildFile; fileRef = 8E88AD062B5C4CE7003BDB04 /* Preview Assets.xcassets */; };
		8E88AD0F2B5C5C41003BDB04 /* Item.swift in Sources */ = {isa = PBXBuildFile; fileRef = 8E88AD0E2B5C5C41003BDB04 /* Item.swift */; };
		8E88AD112B5C5CEA003BDB04 /* Storage.swift in Sources */ = {isa = PBXBuildFile; fileRef = 8E88AD102B5C5CEA003BDB04 /* Storage.swift */; };
		8E88AD132B5C6447003BDB04 /* SpaceView.swift in Sources */ = {isa = PBXBuildFile; fileRef = 8E88AD122B5C6447003BDB04 /* SpaceView.swift */; };
		8E88AD152B5D7395003BDB04 /* StorageView.swift in Sources */ = {isa = PBXBuildFile; fileRef = 8E88AD142B5D7395003BDB04 /* StorageView.swift */; };
/* End PBXBuildFile section */

/* Begin PBXFileReference section */
		8E55282F2B5D81C900EEBCCB /* StorageInfoView.swift */ = {isa = PBXFileReference; lastKnownFileType = sourcecode.swift; path = StorageInfoView.swift; sourceTree = "<group>"; };
		8E5528312B5D823300EEBCCB /* InformationLabelView.swift */ = {isa = PBXFileReference; lastKnownFileType = sourcecode.swift; path = InformationLabelView.swift; sourceTree = "<group>"; };
		8E5528512B5D925B00EEBCCB /* SpaceListView.swift */ = {isa = PBXFileReference; lastKnownFileType = sourcecode.swift; path = SpaceListView.swift; sourceTree = "<group>"; };
		8E88ACFA2B5C4CE5003BDB04 /* Storage.app */ = {isa = PBXFileReference; explicitFileType = wrapper.application; includeInIndex = 0; path = Storage.app; sourceTree = BUILT_PRODUCTS_DIR; };
		8E88ACFD2B5C4CE5003BDB04 /* StorageApp.swift */ = {isa = PBXFileReference; lastKnownFileType = sourcecode.swift; path = StorageApp.swift; sourceTree = "<group>"; };
		8E88ACFF2B5C4CE5003BDB04 /* ContentView.swift */ = {isa = PBXFileReference; lastKnownFileType = sourcecode.swift; path = ContentView.swift; sourceTree = "<group>"; };
		8E88AD012B5C4CE5003BDB04 /* Space.swift */ = {isa = PBXFileReference; lastKnownFileType = sourcecode.swift; path = Space.swift; sourceTree = "<group>"; };
		8E88AD032B5C4CE7003BDB04 /* Assets.xcassets */ = {isa = PBXFileReference; lastKnownFileType = folder.assetcatalog; path = Assets.xcassets; sourceTree = "<group>"; };
		8E88AD062B5C4CE7003BDB04 /* Preview Assets.xcassets */ = {isa = PBXFileReference; lastKnownFileType = folder.assetcatalog; path = "Preview Assets.xcassets"; sourceTree = "<group>"; };
		8E88AD0E2B5C5C41003BDB04 /* Item.swift */ = {isa = PBXFileReference; lastKnownFileType = sourcecode.swift; path = Item.swift; sourceTree = "<group>"; };
		8E88AD102B5C5CEA003BDB04 /* Storage.swift */ = {isa = PBXFileReference; lastKnownFileType = sourcecode.swift; path = Storage.swift; sourceTree = "<group>"; };
		8E88AD122B5C6447003BDB04 /* SpaceView.swift */ = {isa = PBXFileReference; lastKnownFileType = sourcecode.swift; path = SpaceView.swift; sourceTree = "<group>"; };
		8E88AD142B5D7395003BDB04 /* StorageView.swift */ = {isa = PBXFileReference; lastKnownFileType = sourcecode.swift; path = StorageView.swift; sourceTree = "<group>"; };
/* End PBXFileReference section */

/* Begin PBXFrameworksBuildPhase section */
		8E88ACF72B5C4CE5003BDB04 /* Frameworks */ = {
			isa = PBXFrameworksBuildPhase;
			buildActionMask = 2147483647;
			files = (
			);
			runOnlyForDeploymentPostprocessing = 0;
		};
/* End PBXFrameworksBuildPhase section */

/* Begin PBXGroup section */
		8E88ACF12B5C4CE5003BDB04 = {
			isa = PBXGroup;
			children = (
				8E88ACFC2B5C4CE5003BDB04 /* Storage */,
				8E88ACFB2B5C4CE5003BDB04 /* Products */,
			);
			sourceTree = "<group>";
		};
		8E88ACFB2B5C4CE5003BDB04 /* Products */ = {
			isa = PBXGroup;
			children = (
				8E88ACFA2B5C4CE5003BDB04 /* Storage.app */,
			);
			name = Products;
			sourceTree = "<group>";
		};
		8E88ACFC2B5C4CE5003BDB04 /* Storage */ = {
			isa = PBXGroup;
			children = (
				8E88ACFD2B5C4CE5003BDB04 /* StorageApp.swift */,
				8E88ACFF2B5C4CE5003BDB04 /* ContentView.swift */,
				8E5528512B5D925B00EEBCCB /* SpaceListView.swift */,
				8E88AD122B5C6447003BDB04 /* SpaceView.swift */,
				8E88AD142B5D7395003BDB04 /* StorageView.swift */,
				8E55282F2B5D81C900EEBCCB /* StorageInfoView.swift */,
				8E5528312B5D823300EEBCCB /* InformationLabelView.swift */,
				8E88AD0D2B5C5C22003BDB04 /* SwiftData */,
				8E88AD032B5C4CE7003BDB04 /* Assets.xcassets */,
				8E88AD052B5C4CE7003BDB04 /* Preview Content */,
			);
			path = Storage;
			sourceTree = "<group>";
		};
		8E88AD052B5C4CE7003BDB04 /* Preview Content */ = {
			isa = PBXGroup;
			children = (
				8E88AD062B5C4CE7003BDB04 /* Preview Assets.xcassets */,
			);
			path = "Preview Content";
			sourceTree = "<group>";
		};
		8E88AD0D2B5C5C22003BDB04 /* SwiftData */ = {
			isa = PBXGroup;
			children = (
				8E88AD012B5C4CE5003BDB04 /* Space.swift */,
				8E88AD102B5C5CEA003BDB04 /* Storage.swift */,
				8E88AD0E2B5C5C41003BDB04 /* Item.swift */,
			);
			path = SwiftData;
			sourceTree = "<group>";
		};
/* End PBXGroup section */

/* Begin PBXNativeTarget section */
		8E88ACF92B5C4CE5003BDB04 /* Storage */ = {
			isa = PBXNativeTarget;
			buildConfigurationList = 8E88AD0A2B5C4CE7003BDB04 /* Build configuration list for PBXNativeTarget "Storage" */;
			buildPhases = (
				8E88ACF62B5C4CE5003BDB04 /* Sources */,
				8E88ACF72B5C4CE5003BDB04 /* Frameworks */,
				8E88ACF82B5C4CE5003BDB04 /* Resources */,
			);
			buildRules = (
			);
			dependencies = (
			);
			name = Storage;
			productName = Storage;
			productReference = 8E88ACFA2B5C4CE5003BDB04 /* Storage.app */;
			productType = "com.apple.product-type.application";
		};
/* End PBXNativeTarget section */

/* Begin PBXProject section */
		8E88ACF22B5C4CE5003BDB04 /* Project object */ = {
			isa = PBXProject;
			attributes = {
				BuildIndependentTargetsInParallel = 1;
				LastSwiftUpdateCheck = 1510;
				LastUpgradeCheck = 1510;
				TargetAttributes = {
					8E88ACF92B5C4CE5003BDB04 = {
						CreatedOnToolsVersion = 15.1;
					};
				};
			};
			buildConfigurationList = 8E88ACF52B5C4CE5003BDB04 /* Build configuration list for PBXProject "Storage" */;
			compatibilityVersion = "Xcode 14.0";
			developmentRegion = en;
			hasScannedForEncodings = 0;
			knownRegions = (
				en,
				Base,
			);
			mainGroup = 8E88ACF12B5C4CE5003BDB04;
			productRefGroup = 8E88ACFB2B5C4CE5003BDB04 /* Products */;
			projectDirPath = "";
			projectRoot = "";
			targets = (
				8E88ACF92B5C4CE5003BDB04 /* Storage */,
			);
		};
/* End PBXProject section */

/* Begin PBXResourcesBuildPhase section */
		8E88ACF82B5C4CE5003BDB04 /* Resources */ = {
			isa = PBXResourcesBuildPhase;
			buildActionMask = 2147483647;
			files = (
				8E88AD072B5C4CE7003BDB04 /* Preview Assets.xcassets in Resources */,
				8E88AD042B5C4CE7003BDB04 /* Assets.xcassets in Resources */,
			);
			runOnlyForDeploymentPostprocessing = 0;
		};
/* End PBXResourcesBuildPhase section */

/* Begin PBXSourcesBuildPhase section */
		8E88ACF62B5C4CE5003BDB04 /* Sources */ = {
			isa = PBXSourcesBuildPhase;
			buildActionMask = 2147483647;
			files = (
				8E5528322B5D823300EEBCCB /* InformationLabelView.swift in Sources */,
				8E88AD0F2B5C5C41003BDB04 /* Item.swift in Sources */,
				8E88AD002B5C4CE5003BDB04 /* ContentView.swift in Sources */,
				8E88AD022B5C4CE5003BDB04 /* Space.swift in Sources */,
				8E88AD112B5C5CEA003BDB04 /* Storage.swift in Sources */,
				8E5528302B5D81C900EEBCCB /* StorageInfoView.swift in Sources */,
				8E88ACFE2B5C4CE5003BDB04 /* StorageApp.swift in Sources */,
				8E88AD132B5C6447003BDB04 /* SpaceView.swift in Sources */,
				8E88AD152B5D7395003BDB04 /* StorageView.swift in Sources */,
				8E5528522B5D925B00EEBCCB /* SpaceListView.swift in Sources */,
			);
			runOnlyForDeploymentPostprocessing = 0;
		};
/* End PBXSourcesBuildPhase section */

/* Begin XCBuildConfiguration section */
		8E88AD082B5C4CE7003BDB04 /* Debug */ = {
			isa = XCBuildConfiguration;
			buildSettings = {
				ALWAYS_SEARCH_USER_PATHS = NO;
				ASSETCATALOG_COMPILER_GENERATE_SWIFT_ASSET_SYMBOL_EXTENSIONS = YES;
				CLANG_ANALYZER_NONNULL = YES;
				CLANG_ANALYZER_NUMBER_OBJECT_CONVERSION = YES_AGGRESSIVE;
				CLANG_CXX_LANGUAGE_STANDARD = "gnu++20";
				CLANG_ENABLE_MODULES = YES;
				CLANG_ENABLE_OBJC_ARC = YES;
				CLANG_ENABLE_OBJC_WEAK = YES;
				CLANG_WARN_BLOCK_CAPTURE_AUTORELEASING = YES;
				CLANG_WARN_BOOL_CONVERSION = YES;
				CLANG_WARN_COMMA = YES;
				CLANG_WARN_CONSTANT_CONVERSION = YES;
				CLANG_WARN_DEPRECATED_OBJC_IMPLEMENTATIONS = YES;
				CLANG_WARN_DIRECT_OBJC_ISA_USAGE = YES_ERROR;
				CLANG_WARN_DOCUMENTATION_COMMENTS = YES;
				CLANG_WARN_EMPTY_BODY = YES;
				CLANG_WARN_ENUM_CONVERSION = YES;
				CLANG_WARN_INFINITE_RECURSION = YES;
				CLANG_WARN_INT_CONVERSION = YES;
				CLANG_WARN_NON_LITERAL_NULL_CONVERSION = YES;
				CLANG_WARN_OBJC_IMPLICIT_RETAIN_SELF = YES;
				CLANG_WARN_OBJC_LITERAL_CONVERSION = YES;
				CLANG_WARN_OBJC_ROOT_CLASS = YES_ERROR;
				CLANG_WARN_QUOTED_INCLUDE_IN_FRAMEWORK_HEADER = YES;
				CLANG_WARN_RANGE_LOOP_ANALYSIS = YES;
				CLANG_WARN_STRICT_PROTOTYPES = YES;
				CLANG_WARN_SUSPICIOUS_MOVE = YES;
				CLANG_WARN_UNGUARDED_AVAILABILITY = YES_AGGRESSIVE;
				CLANG_WARN_UNREACHABLE_CODE = YES;
				CLANG_WARN__DUPLICATE_METHOD_MATCH = YES;
				COPY_PHASE_STRIP = NO;
				DEBUG_INFORMATION_FORMAT = dwarf;
				ENABLE_STRICT_OBJC_MSGSEND = YES;
				ENABLE_TESTABILITY = YES;
				ENABLE_USER_SCRIPT_SANDBOXING = YES;
				GCC_C_LANGUAGE_STANDARD = gnu17;
				GCC_DYNAMIC_NO_PIC = NO;
				GCC_NO_COMMON_BLOCKS = YES;
				GCC_OPTIMIZATION_LEVEL = 0;
				GCC_PREPROCESSOR_DEFINITIONS = (
					"DEBUG=1",
					"$(inherited)",
				);
				GCC_WARN_64_TO_32_BIT_CONVERSION = YES;
				GCC_WARN_ABOUT_RETURN_TYPE = YES_ERROR;
				GCC_WARN_UNDECLARED_SELECTOR = YES;
				GCC_WARN_UNINITIALIZED_AUTOS = YES_AGGRESSIVE;
				GCC_WARN_UNUSED_FUNCTION = YES;
				GCC_WARN_UNUSED_VARIABLE = YES;
				IPHONEOS_DEPLOYMENT_TARGET = 17.2;
				LOCALIZATION_PREFERS_STRING_CATALOGS = YES;
				MTL_ENABLE_DEBUG_INFO = INCLUDE_SOURCE;
				MTL_FAST_MATH = YES;
				ONLY_ACTIVE_ARCH = YES;
				SDKROOT = iphoneos;
				SWIFT_ACTIVE_COMPILATION_CONDITIONS = "DEBUG $(inherited)";
				SWIFT_OPTIMIZATION_LEVEL = "-Onone";
			};
			name = Debug;
		};
		8E88AD092B5C4CE7003BDB04 /* Release */ = {
			isa = XCBuildConfiguration;
			buildSettings = {
				ALWAYS_SEARCH_USER_PATHS = NO;
				ASSETCATALOG_COMPILER_GENERATE_SWIFT_ASSET_SYMBOL_EXTENSIONS = YES;
				CLANG_ANALYZER_NONNULL = YES;
				CLANG_ANALYZER_NUMBER_OBJECT_CONVERSION = YES_AGGRESSIVE;
				CLANG_CXX_LANGUAGE_STANDARD = "gnu++20";
				CLANG_ENABLE_MODULES = YES;
				CLANG_ENABLE_OBJC_ARC = YES;
				CLANG_ENABLE_OBJC_WEAK = YES;
				CLANG_WARN_BLOCK_CAPTURE_AUTORELEASING = YES;
				CLANG_WARN_BOOL_CONVERSION = YES;
				CLANG_WARN_COMMA = YES;
				CLANG_WARN_CONSTANT_CONVERSION = YES;
				CLANG_WARN_DEPRECATED_OBJC_IMPLEMENTATIONS = YES;
				CLANG_WARN_DIRECT_OBJC_ISA_USAGE = YES_ERROR;
				CLANG_WARN_DOCUMENTATION_COMMENTS = YES;
				CLANG_WARN_EMPTY_BODY = YES;
				CLANG_WARN_ENUM_CONVERSION = YES;
				CLANG_WARN_INFINITE_RECURSION = YES;
				CLANG_WARN_INT_CONVERSION = YES;
				CLANG_WARN_NON_LITERAL_NULL_CONVERSION = YES;
				CLANG_WARN_OBJC_IMPLICIT_RETAIN_SELF = YES;
				CLANG_WARN_OBJC_LITERAL_CONVERSION = YES;
				CLANG_WARN_OBJC_ROOT_CLASS = YES_ERROR;
				CLANG_WARN_QUOTED_INCLUDE_IN_FRAMEWORK_HEADER = YES;
				CLANG_WARN_RANGE_LOOP_ANALYSIS = YES;
				CLANG_WARN_STRICT_PROTOTYPES = YES;
				CLANG_WARN_SUSPICIOUS_MOVE = YES;
				CLANG_WARN_UNGUARDED_AVAILABILITY = YES_AGGRESSIVE;
				CLANG_WARN_UNREACHABLE_CODE = YES;
				CLANG_WARN__DUPLICATE_METHOD_MATCH = YES;
				COPY_PHASE_STRIP = NO;
				DEBUG_INFORMATION_FORMAT = "dwarf-with-dsym";
				ENABLE_NS_ASSERTIONS = NO;
				ENABLE_STRICT_OBJC_MSGSEND = YES;
				ENABLE_USER_SCRIPT_SANDBOXING = YES;
				GCC_C_LANGUAGE_STANDARD = gnu17;
				GCC_NO_COMMON_BLOCKS = YES;
				GCC_WARN_64_TO_32_BIT_CONVERSION = YES;
				GCC_WARN_ABOUT_RETURN_TYPE = YES_ERROR;
				GCC_WARN_UNDECLARED_SELECTOR = YES;
				GCC_WARN_UNINITIALIZED_AUTOS = YES_AGGRESSIVE;
				GCC_WARN_UNUSED_FUNCTION = YES;
				GCC_WARN_UNUSED_VARIABLE = YES;
				IPHONEOS_DEPLOYMENT_TARGET = 17.2;
				LOCALIZATION_PREFERS_STRING_CATALOGS = YES;
				MTL_ENABLE_DEBUG_INFO = NO;
				MTL_FAST_MATH = YES;
				SDKROOT = iphoneos;
				SWIFT_COMPILATION_MODE = wholemodule;
				VALIDATE_PRODUCT = YES;
			};
			name = Release;
		};
		8E88AD0B2B5C4CE7003BDB04 /* Debug */ = {
			isa = XCBuildConfiguration;
			buildSettings = {
				ASSETCATALOG_COMPILER_APPICON_NAME = AppIcon;
				ASSETCATALOG_COMPILER_GLOBAL_ACCENT_COLOR_NAME = AccentColor;
				CODE_SIGN_STYLE = Automatic;
				CURRENT_PROJECT_VERSION = 1;
				DEVELOPMENT_ASSET_PATHS = "\"Storage/Preview Content\"";
				DEVELOPMENT_TEAM = 52JMW2697M;
				ENABLE_PREVIEWS = YES;
				GENERATE_INFOPLIST_FILE = YES;
				INFOPLIST_KEY_UIApplicationSceneManifest_Generation = YES;
				INFOPLIST_KEY_UIApplicationSupportsIndirectInputEvents = YES;
				INFOPLIST_KEY_UILaunchScreen_Generation = YES;
				INFOPLIST_KEY_UISupportedInterfaceOrientations_iPad = "UIInterfaceOrientationPortrait UIInterfaceOrientationPortraitUpsideDown UIInterfaceOrientationLandscapeLeft UIInterfaceOrientationLandscapeRight";
				INFOPLIST_KEY_UISupportedInterfaceOrientations_iPhone = "UIInterfaceOrientationPortrait UIInterfaceOrientationLandscapeLeft UIInterfaceOrientationLandscapeRight";
				IPHONEOS_DEPLOYMENT_TARGET = 17.1;
				LD_RUNPATH_SEARCH_PATHS = (
					"$(inherited)",
					"@executable_path/Frameworks",
				);
				MARKETING_VERSION = 1.0;
				PRODUCT_BUNDLE_IDENTIFIER = app.chenyuhao.Storage;
				PRODUCT_NAME = "$(TARGET_NAME)";
				SWIFT_EMIT_LOC_STRINGS = YES;
				SWIFT_VERSION = 5.0;
				TARGETED_DEVICE_FAMILY = "1,2";
			};
			name = Debug;
		};
		8E88AD0C2B5C4CE7003BDB04 /* Release */ = {
			isa = XCBuildConfiguration;
			buildSettings = {
				ASSETCATALOG_COMPILER_APPICON_NAME = AppIcon;
				ASSETCATALOG_COMPILER_GLOBAL_ACCENT_COLOR_NAME = AccentColor;
				CODE_SIGN_STYLE = Automatic;
				CURRENT_PROJECT_VERSION = 1;
				DEVELOPMENT_ASSET_PATHS = "\"Storage/Preview Content\"";
				DEVELOPMENT_TEAM = 52JMW2697M;
				ENABLE_PREVIEWS = YES;
				GENERATE_INFOPLIST_FILE = YES;
				INFOPLIST_KEY_UIApplicationSceneManifest_Generation = YES;
				INFOPLIST_KEY_UIApplicationSupportsIndirectInputEvents = YES;
				INFOPLIST_KEY_UILaunchScreen_Generation = YES;
				INFOPLIST_KEY_UISupportedInterfaceOrientations_iPad = "UIInterfaceOrientationPortrait UIInterfaceOrientationPortraitUpsideDown UIInterfaceOrientationLandscapeLeft UIInterfaceOrientationLandscapeRight";
				INFOPLIST_KEY_UISupportedInterfaceOrientations_iPhone = "UIInterfaceOrientationPortrait UIInterfaceOrientationLandscapeLeft UIInterfaceOrientationLandscapeRight";
				IPHONEOS_DEPLOYMENT_TARGET = 17.1;
				LD_RUNPATH_SEARCH_PATHS = (
					"$(inherited)",
					"@executable_path/Frameworks",
				);
				MARKETING_VERSION = 1.0;
				PRODUCT_BUNDLE_IDENTIFIER = app.chenyuhao.Storage;
				PRODUCT_NAME = "$(TARGET_NAME)";
				SWIFT_EMIT_LOC_STRINGS = YES;
				SWIFT_VERSION = 5.0;
				TARGETED_DEVICE_FAMILY = "1,2";
			};
			name = Release;
		};
/* End XCBuildConfiguration section */

/* Begin XCConfigurationList section */
		8E88ACF52B5C4CE5003BDB04 /* Build configuration list for PBXProject "Storage" */ = {
			isa = XCConfigurationList;
			buildConfigurations = (
				8E88AD082B5C4CE7003BDB04 /* Debug */,
				8E88AD092B5C4CE7003BDB04 /* Release */,
			);
			defaultConfigurationIsVisible = 0;
			defaultConfigurationName = Release;
		};
		8E88AD0A2B5C4CE7003BDB04 /* Build configuration list for PBXNativeTarget "Storage" */ = {
			isa = XCConfigurationList;
			buildConfigurations = (
				8E88AD0B2B5C4CE7003BDB04 /* Debug */,
				8E88AD0C2B5C4CE7003BDB04 /* Release */,
			);
			defaultConfigurationIsVisible = 0;
			defaultConfigurationName = Release;
		};
/* End XCConfigurationList section */
	};
	rootObject = 8E88ACF22B5C4CE5003BDB04 /* Project object */;
}
